# THIS IS AN AUTOGENERATED FILE. DO NOT EDIT THIS FILE DIRECTLY.
# yarn lockfile v1


"@aws-crypto/crc32@3.0.0":
  version "3.0.0"
  resolved "https://registry.npmjs.org/@aws-crypto/crc32/-/crc32-3.0.0.tgz"
  integrity sha512-IzSgsrxUcsrejQbPVilIKy16kAT52EwB6zSaI+M3xxIhKh5+aldEyvI+z6erM7TCLB2BJsFrtHjp6/4/sr+3dA==
  dependencies:
    "@aws-crypto/util" "^3.0.0"
    "@aws-sdk/types" "^3.222.0"
    tslib "^1.11.1"

"@aws-crypto/ie11-detection@^3.0.0":
  version "3.0.0"
  resolved "https://registry.npmjs.org/@aws-crypto/ie11-detection/-/ie11-detection-3.0.0.tgz"
  integrity sha512-341lBBkiY1DfDNKai/wXM3aujNBkXR7tq1URPQDL9wi3AUbI80NR74uF1TXHMm7po1AcnFk8iu2S2IeU/+/A+Q==
  dependencies:
    tslib "^1.11.1"

"@aws-crypto/sha256-browser@3.0.0":
  version "3.0.0"
  resolved "https://registry.npmjs.org/@aws-crypto/sha256-browser/-/sha256-browser-3.0.0.tgz"
  integrity sha512-8VLmW2B+gjFbU5uMeqtQM6Nj0/F1bro80xQXCW6CQBWgosFWXTx77aeOF5CAIAmbOK64SdMBJdNr6J41yP5mvQ==
  dependencies:
    "@aws-crypto/ie11-detection" "^3.0.0"
    "@aws-crypto/sha256-js" "^3.0.0"
    "@aws-crypto/supports-web-crypto" "^3.0.0"
    "@aws-crypto/util" "^3.0.0"
    "@aws-sdk/types" "^3.222.0"
    "@aws-sdk/util-locate-window" "^3.0.0"
    "@aws-sdk/util-utf8-browser" "^3.0.0"
    tslib "^1.11.1"

"@aws-crypto/sha256-js@3.0.0", "@aws-crypto/sha256-js@^3.0.0":
  version "3.0.0"
  resolved "https://registry.npmjs.org/@aws-crypto/sha256-js/-/sha256-js-3.0.0.tgz"
  integrity sha512-PnNN7os0+yd1XvXAy23CFOmTbMaDxgxXtTKHybrJ39Y8kGzBATgBFibWJKH6BhytLI/Zyszs87xCOBNyBig6vQ==
  dependencies:
    "@aws-crypto/util" "^3.0.0"
    "@aws-sdk/types" "^3.222.0"
    tslib "^1.11.1"

"@aws-crypto/supports-web-crypto@^3.0.0":
  version "3.0.0"
  resolved "https://registry.npmjs.org/@aws-crypto/supports-web-crypto/-/supports-web-crypto-3.0.0.tgz"
  integrity sha512-06hBdMwUAb2WFTuGG73LSC0wfPu93xWwo5vL2et9eymgmu3Id5vFAHBbajVWiGhPO37qcsdCap/FqXvJGJWPIg==
  dependencies:
    tslib "^1.11.1"

"@aws-crypto/util@^3.0.0":
  version "3.0.0"
  resolved "https://registry.npmjs.org/@aws-crypto/util/-/util-3.0.0.tgz"
  integrity sha512-2OJlpeJpCR48CC8r+uKVChzs9Iungj9wkZrl8Z041DWEWvyIHILYKCPNzJghKsivj+S3mLo6BVc7mBNzdxA46w==
  dependencies:
    "@aws-sdk/types" "^3.222.0"
    "@aws-sdk/util-utf8-browser" "^3.0.0"
    tslib "^1.11.1"

"@aws-sdk/client-sns@^3.449.0":
  version "3.449.0"
  resolved "https://registry.yarnpkg.com/@aws-sdk/client-sns/-/client-sns-3.449.0.tgz#f048d103980f99ea1d63cb7443f03a015a23c823"
  integrity sha512-wkn9/KYTJkmJNVhyRzi5c8HsnEDaHHQl5F1mIDWIRZjoeTLX3OkqW8DqwDOfwLcDqtCVC6Gi+ZOn0GoC7QlOzw==
  dependencies:
    "@aws-crypto/sha256-browser" "3.0.0"
    "@aws-crypto/sha256-js" "3.0.0"
    "@aws-sdk/client-sts" "3.449.0"
    "@aws-sdk/core" "3.445.0"
    "@aws-sdk/credential-provider-node" "3.449.0"
    "@aws-sdk/middleware-host-header" "3.449.0"
    "@aws-sdk/middleware-logger" "3.449.0"
    "@aws-sdk/middleware-recursion-detection" "3.449.0"
    "@aws-sdk/middleware-signing" "3.449.0"
    "@aws-sdk/middleware-user-agent" "3.449.0"
    "@aws-sdk/region-config-resolver" "3.433.0"
    "@aws-sdk/types" "3.449.0"
    "@aws-sdk/util-endpoints" "3.449.0"
    "@aws-sdk/util-user-agent-browser" "3.449.0"
    "@aws-sdk/util-user-agent-node" "3.449.0"
    "@smithy/config-resolver" "^2.0.16"
    "@smithy/fetch-http-handler" "^2.2.4"
    "@smithy/hash-node" "^2.0.12"
    "@smithy/invalid-dependency" "^2.0.12"
    "@smithy/middleware-content-length" "^2.0.14"
    "@smithy/middleware-endpoint" "^2.1.3"
    "@smithy/middleware-retry" "^2.0.18"
    "@smithy/middleware-serde" "^2.0.12"
    "@smithy/middleware-stack" "^2.0.6"
    "@smithy/node-config-provider" "^2.1.3"
    "@smithy/node-http-handler" "^2.1.8"
    "@smithy/protocol-http" "^3.0.8"
    "@smithy/smithy-client" "^2.1.12"
    "@smithy/types" "^2.4.0"
    "@smithy/url-parser" "^2.0.12"
    "@smithy/util-base64" "^2.0.0"
    "@smithy/util-body-length-browser" "^2.0.0"
    "@smithy/util-body-length-node" "^2.1.0"
    "@smithy/util-defaults-mode-browser" "^2.0.16"
    "@smithy/util-defaults-mode-node" "^2.0.21"
    "@smithy/util-endpoints" "^1.0.2"
    "@smithy/util-retry" "^2.0.5"
    "@smithy/util-utf8" "^2.0.0"
    fast-xml-parser "4.2.5"
    tslib "^2.5.0"

"@aws-sdk/client-sso@3.449.0":
  version "3.449.0"
  resolved "https://registry.yarnpkg.com/@aws-sdk/client-sso/-/client-sso-3.449.0.tgz#7c866e94b5156a44c87fc43256b519e4237d6192"
  integrity sha512-HFTlFbf9jwp5BJkXbMKlEwk6oGC7AVYaPEkaNk77kzZ8RGoqVSAqe0HL74DACcJUpMD/VWYX7pfWq/Wm+2B79g==
  dependencies:
    "@aws-crypto/sha256-browser" "3.0.0"
    "@aws-crypto/sha256-js" "3.0.0"
    "@aws-sdk/core" "3.445.0"
    "@aws-sdk/middleware-host-header" "3.449.0"
    "@aws-sdk/middleware-logger" "3.449.0"
    "@aws-sdk/middleware-recursion-detection" "3.449.0"
    "@aws-sdk/middleware-user-agent" "3.449.0"
    "@aws-sdk/region-config-resolver" "3.433.0"
    "@aws-sdk/types" "3.449.0"
    "@aws-sdk/util-endpoints" "3.449.0"
    "@aws-sdk/util-user-agent-browser" "3.449.0"
    "@aws-sdk/util-user-agent-node" "3.449.0"
    "@smithy/config-resolver" "^2.0.16"
    "@smithy/fetch-http-handler" "^2.2.4"
    "@smithy/hash-node" "^2.0.12"
    "@smithy/invalid-dependency" "^2.0.12"
    "@smithy/middleware-content-length" "^2.0.14"
    "@smithy/middleware-endpoint" "^2.1.3"
    "@smithy/middleware-retry" "^2.0.18"
    "@smithy/middleware-serde" "^2.0.12"
    "@smithy/middleware-stack" "^2.0.6"
    "@smithy/node-config-provider" "^2.1.3"
    "@smithy/node-http-handler" "^2.1.8"
    "@smithy/protocol-http" "^3.0.8"
    "@smithy/smithy-client" "^2.1.12"
    "@smithy/types" "^2.4.0"
    "@smithy/url-parser" "^2.0.12"
    "@smithy/util-base64" "^2.0.0"
    "@smithy/util-body-length-browser" "^2.0.0"
    "@smithy/util-body-length-node" "^2.1.0"
    "@smithy/util-defaults-mode-browser" "^2.0.16"
    "@smithy/util-defaults-mode-node" "^2.0.21"
    "@smithy/util-endpoints" "^1.0.2"
    "@smithy/util-retry" "^2.0.5"
    "@smithy/util-utf8" "^2.0.0"
    tslib "^2.5.0"

"@aws-sdk/client-sts@3.449.0":
  version "3.449.0"
  resolved "https://registry.yarnpkg.com/@aws-sdk/client-sts/-/client-sts-3.449.0.tgz#b5beee18c6153aad881191d79af6a89d2c848051"
  integrity sha512-iKh5Es9tyY+Ch17bvMubW67ydW4X3Buy9vwTIqpmXlnXEfbvjZRwycjWK2MO/P1Su3wjA14zNBq2ifNWFxkwFA==
  dependencies:
    "@aws-crypto/sha256-browser" "3.0.0"
    "@aws-crypto/sha256-js" "3.0.0"
    "@aws-sdk/core" "3.445.0"
    "@aws-sdk/credential-provider-node" "3.449.0"
    "@aws-sdk/middleware-host-header" "3.449.0"
    "@aws-sdk/middleware-logger" "3.449.0"
    "@aws-sdk/middleware-recursion-detection" "3.449.0"
    "@aws-sdk/middleware-sdk-sts" "3.449.0"
    "@aws-sdk/middleware-signing" "3.449.0"
    "@aws-sdk/middleware-user-agent" "3.449.0"
    "@aws-sdk/region-config-resolver" "3.433.0"
    "@aws-sdk/types" "3.449.0"
    "@aws-sdk/util-endpoints" "3.449.0"
    "@aws-sdk/util-user-agent-browser" "3.449.0"
    "@aws-sdk/util-user-agent-node" "3.449.0"
    "@smithy/config-resolver" "^2.0.16"
    "@smithy/fetch-http-handler" "^2.2.4"
    "@smithy/hash-node" "^2.0.12"
    "@smithy/invalid-dependency" "^2.0.12"
    "@smithy/middleware-content-length" "^2.0.14"
    "@smithy/middleware-endpoint" "^2.1.3"
    "@smithy/middleware-retry" "^2.0.18"
    "@smithy/middleware-serde" "^2.0.12"
    "@smithy/middleware-stack" "^2.0.6"
    "@smithy/node-config-provider" "^2.1.3"
    "@smithy/node-http-handler" "^2.1.8"
    "@smithy/protocol-http" "^3.0.8"
    "@smithy/smithy-client" "^2.1.12"
    "@smithy/types" "^2.4.0"
    "@smithy/url-parser" "^2.0.12"
    "@smithy/util-base64" "^2.0.0"
    "@smithy/util-body-length-browser" "^2.0.0"
    "@smithy/util-body-length-node" "^2.1.0"
    "@smithy/util-defaults-mode-browser" "^2.0.16"
    "@smithy/util-defaults-mode-node" "^2.0.21"
    "@smithy/util-endpoints" "^1.0.2"
    "@smithy/util-retry" "^2.0.5"
    "@smithy/util-utf8" "^2.0.0"
    fast-xml-parser "4.2.5"
    tslib "^2.5.0"

"@aws-sdk/core@3.445.0":
  version "3.445.0"
  resolved "https://registry.yarnpkg.com/@aws-sdk/core/-/core-3.445.0.tgz#1df472d976a02533784b6fe606f1cc4d524cbb29"
  integrity sha512-6GYLElUG1QTOdmXG8zXa+Ull9IUeSeItKDYHKzHYfIkbsagMfYlf7wm9XIYlatjtgodNfZ3gPHAJfRyPmwKrsg==
  dependencies:
    "@smithy/smithy-client" "^2.1.12"
    tslib "^2.5.0"

"@aws-sdk/credential-provider-env@3.449.0":
  version "3.449.0"
  resolved "https://registry.yarnpkg.com/@aws-sdk/credential-provider-env/-/credential-provider-env-3.449.0.tgz#37ff1673f83325b746314e6dd6afb1b61ac993d1"
  integrity sha512-SwO9XQcBoyA0XrsSmgnMqCnR99wIyp+BjGhvzDU+Wetib7QPt++E2slJkLM/iCNc6YiqiHZtHsvXapSV7RzBJw==
  dependencies:
    "@aws-sdk/types" "3.449.0"
    "@smithy/property-provider" "^2.0.0"
    "@smithy/types" "^2.4.0"
    tslib "^2.5.0"

"@aws-sdk/credential-provider-ini@3.449.0":
  version "3.449.0"
  resolved "https://registry.yarnpkg.com/@aws-sdk/credential-provider-ini/-/credential-provider-ini-3.449.0.tgz#2633117dc835cbb96e90f424606c5779a865e07a"
  integrity sha512-C2pMYysIfbRBR4Q+Aj7J0cRsKY/X2cOnrggrWzsEUJK3EJ1aHwrzm3HI0VM5DttJyya5hE4tZ/H1VX3zNGUtKA==
  dependencies:
    "@aws-sdk/credential-provider-env" "3.449.0"
    "@aws-sdk/credential-provider-process" "3.449.0"
    "@aws-sdk/credential-provider-sso" "3.449.0"
    "@aws-sdk/credential-provider-web-identity" "3.449.0"
    "@aws-sdk/types" "3.449.0"
    "@smithy/credential-provider-imds" "^2.0.0"
    "@smithy/property-provider" "^2.0.0"
    "@smithy/shared-ini-file-loader" "^2.0.6"
    "@smithy/types" "^2.4.0"
    tslib "^2.5.0"

"@aws-sdk/credential-provider-node@3.449.0":
  version "3.449.0"
  resolved "https://registry.yarnpkg.com/@aws-sdk/credential-provider-node/-/credential-provider-node-3.449.0.tgz#961c14e3187536fbcad3b219cfefe29df7e955a7"
  integrity sha512-cCsqMqL8vmHADwIHCmTWDB4vr5fCXb4PZn3njbA/PIA92xL4S7hRmYi/1ll0CMd+fks+t/h+s+PIhFGo54C7cA==
  dependencies:
    "@aws-sdk/credential-provider-env" "3.449.0"
    "@aws-sdk/credential-provider-ini" "3.449.0"
    "@aws-sdk/credential-provider-process" "3.449.0"
    "@aws-sdk/credential-provider-sso" "3.449.0"
    "@aws-sdk/credential-provider-web-identity" "3.449.0"
    "@aws-sdk/types" "3.449.0"
    "@smithy/credential-provider-imds" "^2.0.0"
    "@smithy/property-provider" "^2.0.0"
    "@smithy/shared-ini-file-loader" "^2.0.6"
    "@smithy/types" "^2.4.0"
    tslib "^2.5.0"

"@aws-sdk/credential-provider-process@3.449.0":
  version "3.449.0"
  resolved "https://registry.yarnpkg.com/@aws-sdk/credential-provider-process/-/credential-provider-process-3.449.0.tgz#031bff93ba3c6910aba851904cf424fcaba5914b"
  integrity sha512-IofhAgpwdSnaEg9H0dhydac07GCQ55Mc5oRzdzp/tm0Rl0MqnGdIvN8wYsxAeVhEi9pBSNla4eRiTu3LY6Z5+A==
  dependencies:
    "@aws-sdk/types" "3.449.0"
    "@smithy/property-provider" "^2.0.0"
    "@smithy/shared-ini-file-loader" "^2.0.6"
    "@smithy/types" "^2.4.0"
    tslib "^2.5.0"

"@aws-sdk/credential-provider-sso@3.449.0":
  version "3.449.0"
  resolved "https://registry.yarnpkg.com/@aws-sdk/credential-provider-sso/-/credential-provider-sso-3.449.0.tgz#243cfc7764d747e1b4024a113a6b6501b35e42ad"
  integrity sha512-Lfhh38rOjFAZBjZZJ2ehve+X048xxr+hTr+ntGOKady1GAH6W1U5UGNYuD9fr5vFaQQtAcNLKkUui+TnmJ4z/w==
  dependencies:
    "@aws-sdk/client-sso" "3.449.0"
    "@aws-sdk/token-providers" "3.449.0"
    "@aws-sdk/types" "3.449.0"
    "@smithy/property-provider" "^2.0.0"
    "@smithy/shared-ini-file-loader" "^2.0.6"
    "@smithy/types" "^2.4.0"
    tslib "^2.5.0"

"@aws-sdk/credential-provider-web-identity@3.449.0":
  version "3.449.0"
  resolved "https://registry.yarnpkg.com/@aws-sdk/credential-provider-web-identity/-/credential-provider-web-identity-3.449.0.tgz#6033ecc7939d08dd2492e3983fd21b0b5a9dfc8a"
  integrity sha512-BdqATzdqg39z2VXnEH7I6dzuX/Di6F/4C8FyiiJYx2+VciYdqt6GPprlpGdpngtWct/f8pA/LxQysNBVuwU/RA==
  dependencies:
    "@aws-sdk/types" "3.449.0"
    "@smithy/property-provider" "^2.0.0"
    "@smithy/types" "^2.4.0"
    tslib "^2.5.0"

"@aws-sdk/middleware-host-header@3.449.0":
  version "3.449.0"
  resolved "https://registry.yarnpkg.com/@aws-sdk/middleware-host-header/-/middleware-host-header-3.449.0.tgz#7d5808b2f7972cfa618eb79e9b871f095f92bc67"
  integrity sha512-uO7ao5eFhqEEPk8uqkhNhYqqJPPv/+i2aLchvSYrviDcmcbz9HURc8j+Q9WkmIj3jf0hjAJ9UVMQggBUfoLEgg==
  dependencies:
    "@aws-sdk/types" "3.449.0"
    "@smithy/protocol-http" "^3.0.8"
    "@smithy/types" "^2.4.0"
    tslib "^2.5.0"

"@aws-sdk/middleware-logger@3.449.0":
  version "3.449.0"
  resolved "https://registry.yarnpkg.com/@aws-sdk/middleware-logger/-/middleware-logger-3.449.0.tgz#d08821565e160cc8b2ef8189fc0838504e69e224"
  integrity sha512-YwmPLuSx5Zjdnloxr7bArT2KgF+VvlSe5+p5T/woZWEQgINRaCLdvDB37p7x/LlHrxxZRmk20MaFwSKlJU85qQ==
  dependencies:
    "@aws-sdk/types" "3.449.0"
    "@smithy/types" "^2.4.0"
    tslib "^2.5.0"

"@aws-sdk/middleware-recursion-detection@3.449.0":
  version "3.449.0"
  resolved "https://registry.yarnpkg.com/@aws-sdk/middleware-recursion-detection/-/middleware-recursion-detection-3.449.0.tgz#b9fc2ea6c51a5d8a862c97690ca0cf0916dae554"
  integrity sha512-8kWxxpPBHwFUADf8JaZsUbJ+FtS3K9MGQpMx0AZhh3P9xLaoh602CL0y0+UEEdb2uh6FJJjQiIk4eQXEolhG6Q==
  dependencies:
    "@aws-sdk/types" "3.449.0"
    "@smithy/protocol-http" "^3.0.8"
    "@smithy/types" "^2.4.0"
    tslib "^2.5.0"

"@aws-sdk/middleware-sdk-sts@3.449.0":
  version "3.449.0"
  resolved "https://registry.yarnpkg.com/@aws-sdk/middleware-sdk-sts/-/middleware-sdk-sts-3.449.0.tgz#5ad8f27ddd22f96a3a5873743b1cad43cb242af1"
  integrity sha512-a+mknJkS9jDiDoHg2sFW24B0f6MgT2zs/oF6zMFvVmImvUHjbhSgBzYStE+Phl/uM1zwp1lJfbuO+I+5tVwZEw==
  dependencies:
    "@aws-sdk/middleware-signing" "3.449.0"
    "@aws-sdk/types" "3.449.0"
    "@smithy/types" "^2.4.0"
    tslib "^2.5.0"

"@aws-sdk/middleware-signing@3.449.0":
  version "3.449.0"
  resolved "https://registry.yarnpkg.com/@aws-sdk/middleware-signing/-/middleware-signing-3.449.0.tgz#d6e7e7a380b1b30fe67364b5ed7ee2ecfc5662db"
  integrity sha512-L33efrgdDDY3myjLwraeS2tzUlebaZL6WS7ooACsOwkB9mRs6UQRpSpT90HbcSAjwLaa+xGqaxTA0biAuRjT5A==
  dependencies:
    "@aws-sdk/types" "3.449.0"
    "@smithy/property-provider" "^2.0.0"
    "@smithy/protocol-http" "^3.0.8"
    "@smithy/signature-v4" "^2.0.0"
    "@smithy/types" "^2.4.0"
    "@smithy/util-middleware" "^2.0.5"
    tslib "^2.5.0"

"@aws-sdk/middleware-user-agent@3.449.0":
  version "3.449.0"
  resolved "https://registry.yarnpkg.com/@aws-sdk/middleware-user-agent/-/middleware-user-agent-3.449.0.tgz#cee2bb09dd92e34c9d8a5802cb8f695224e8e3ff"
  integrity sha512-0cRptIhIthxUYadrgb5FmcTgGhPIeXnFATBILaa2gA/ivfVY/CiqMAvOvLHxtBAYNK8/VXM9DFL5TfOt8mF2UQ==
  dependencies:
    "@aws-sdk/types" "3.449.0"
    "@aws-sdk/util-endpoints" "3.449.0"
    "@smithy/protocol-http" "^3.0.8"
    "@smithy/types" "^2.4.0"
    tslib "^2.5.0"

"@aws-sdk/region-config-resolver@3.433.0":
  version "3.433.0"
  resolved "https://registry.yarnpkg.com/@aws-sdk/region-config-resolver/-/region-config-resolver-3.433.0.tgz#37eb5f40db8af7ba9361aeb28c62b45421e780f0"
  integrity sha512-xpjRjCZW+CDFdcMmmhIYg81ST5UAnJh61IHziQEk0FXONrg4kjyYPZAOjEdzXQ+HxJQuGQLKPhRdzxmQnbX7pg==
  dependencies:
    "@smithy/node-config-provider" "^2.1.3"
    "@smithy/types" "^2.4.0"
    "@smithy/util-config-provider" "^2.0.0"
    "@smithy/util-middleware" "^2.0.5"
    tslib "^2.5.0"

"@aws-sdk/token-providers@3.449.0":
  version "3.449.0"
  resolved "https://registry.yarnpkg.com/@aws-sdk/token-providers/-/token-providers-3.449.0.tgz#538a8888271195e3bd7ace0520a53f82f5610e4b"
  integrity sha512-Tgu6Z/l75uFuNQpKIidbn1gc5bI7OKmGdH5+E/ZAc58XYvxYs9N77HjhrhAGvYQEnXY6gRm26/WSeHAAh5wlgQ==
  dependencies:
    "@aws-crypto/sha256-browser" "3.0.0"
    "@aws-crypto/sha256-js" "3.0.0"
    "@aws-sdk/middleware-host-header" "3.449.0"
    "@aws-sdk/middleware-logger" "3.449.0"
    "@aws-sdk/middleware-recursion-detection" "3.449.0"
    "@aws-sdk/middleware-user-agent" "3.449.0"
    "@aws-sdk/region-config-resolver" "3.433.0"
    "@aws-sdk/types" "3.449.0"
    "@aws-sdk/util-endpoints" "3.449.0"
    "@aws-sdk/util-user-agent-browser" "3.449.0"
    "@aws-sdk/util-user-agent-node" "3.449.0"
    "@smithy/config-resolver" "^2.0.16"
    "@smithy/fetch-http-handler" "^2.2.4"
    "@smithy/hash-node" "^2.0.12"
    "@smithy/invalid-dependency" "^2.0.12"
    "@smithy/middleware-content-length" "^2.0.14"
    "@smithy/middleware-endpoint" "^2.1.3"
    "@smithy/middleware-retry" "^2.0.18"
    "@smithy/middleware-serde" "^2.0.12"
    "@smithy/middleware-stack" "^2.0.6"
    "@smithy/node-config-provider" "^2.1.3"
    "@smithy/node-http-handler" "^2.1.8"
    "@smithy/property-provider" "^2.0.0"
    "@smithy/protocol-http" "^3.0.8"
    "@smithy/shared-ini-file-loader" "^2.0.6"
    "@smithy/smithy-client" "^2.1.12"
    "@smithy/types" "^2.4.0"
    "@smithy/url-parser" "^2.0.12"
    "@smithy/util-base64" "^2.0.0"
    "@smithy/util-body-length-browser" "^2.0.0"
    "@smithy/util-body-length-node" "^2.1.0"
    "@smithy/util-defaults-mode-browser" "^2.0.16"
    "@smithy/util-defaults-mode-node" "^2.0.21"
    "@smithy/util-endpoints" "^1.0.2"
    "@smithy/util-retry" "^2.0.5"
    "@smithy/util-utf8" "^2.0.0"
    tslib "^2.5.0"

"@aws-sdk/types@3.449.0", "@aws-sdk/types@^3.222.0":
  version "3.449.0"
  resolved "https://registry.yarnpkg.com/@aws-sdk/types/-/types-3.449.0.tgz#0da2f8cdb344fbe9846de371a04c6dde1bcaf83f"
  integrity sha512-tSQPAvknheB6XnRoc+AuEgdzn2KhY447hddeVW0Mbg8Yl9es4u4TKVINloKDEyUrCKhB/1f93Hb5uJkPe/e/Ww==
  dependencies:
    "@smithy/types" "^2.4.0"
    tslib "^2.5.0"

"@aws-sdk/util-endpoints@3.449.0":
  version "3.449.0"
  resolved "https://registry.yarnpkg.com/@aws-sdk/util-endpoints/-/util-endpoints-3.449.0.tgz#bf6427105d25dd612077bc940afea41708c54de3"
  integrity sha512-hWGM/e+BnbCExXLaIEa6gRb0JW3+XGfcHgRqWkAxsKCaxQuXVIPUA3HyifimxTZDKmTbGZcyWfxCnKGS7I19rw==
  dependencies:
    "@aws-sdk/types" "3.449.0"
    "@smithy/util-endpoints" "^1.0.2"
    tslib "^2.5.0"

"@aws-sdk/util-locate-window@^3.0.0":
  version "3.310.0"
  resolved "https://registry.npmjs.org/@aws-sdk/util-locate-window/-/util-locate-window-3.310.0.tgz"
  integrity sha512-qo2t/vBTnoXpjKxlsC2e1gBrRm80M3bId27r0BRB2VniSSe7bL1mmzM+/HFtujm0iAxtPM+aLEflLJlJeDPg0w==
  dependencies:
    tslib "^2.5.0"

"@aws-sdk/util-user-agent-browser@3.449.0":
  version "3.449.0"
  resolved "https://registry.yarnpkg.com/@aws-sdk/util-user-agent-browser/-/util-user-agent-browser-3.449.0.tgz#436013796ce49a3f774b14d6d59f327cc0db407c"
  integrity sha512-MUQ8YIVZNZZso5w1qlatHu9c1JKYvdjlAugzKhj7npgV4U8D9RBOJUd2Ct8meXPaH4DTfW1qohPlZu/fWWqNVQ==
  dependencies:
    "@aws-sdk/types" "3.449.0"
    "@smithy/types" "^2.4.0"
    bowser "^2.11.0"
    tslib "^2.5.0"

"@aws-sdk/util-user-agent-node@3.449.0":
  version "3.449.0"
  resolved "https://registry.yarnpkg.com/@aws-sdk/util-user-agent-node/-/util-user-agent-node-3.449.0.tgz#04ba6452b855bb2d225358914046b9be54a6c674"
  integrity sha512-PFMnFMSQTdhMAS63anMFFkzz56kWKcjGscgl0bBheEaxo8zgfLf1AAdFuBM+Ob2KYXeMezUbxYu9zOC/0S2hvw==
  dependencies:
    "@aws-sdk/types" "3.449.0"
    "@smithy/node-config-provider" "^2.1.3"
    "@smithy/types" "^2.4.0"
    tslib "^2.5.0"

"@aws-sdk/util-utf8-browser@^3.0.0":
  version "3.259.0"
  resolved "https://registry.npmjs.org/@aws-sdk/util-utf8-browser/-/util-utf8-browser-3.259.0.tgz"
  integrity sha512-UvFa/vR+e19XookZF8RzFZBrw2EUkQWxiBW0yYQAhvk3C+QVGl0H3ouca8LDBlBfQKXwmW3huo/59H8rwb1wJw==
  dependencies:
    tslib "^2.3.1"

"@smithy/abort-controller@^2.0.12":
  version "2.0.12"
  resolved "https://registry.yarnpkg.com/@smithy/abort-controller/-/abort-controller-2.0.12.tgz#62cd47c81fa1d7d6c2d6fde0c2f54ea89892fb6a"
  integrity sha512-YIJyefe1mi3GxKdZxEBEuzYOeQ9xpYfqnFmWzojCssRAuR7ycxwpoRQgp965vuW426xUAQhCV5rCaWElQ7XsaA==
  dependencies:
    "@smithy/types" "^2.4.0"
    tslib "^2.5.0"

"@smithy/config-resolver@^2.0.16", "@smithy/config-resolver@^2.0.17":
  version "2.0.17"
  resolved "https://registry.yarnpkg.com/@smithy/config-resolver/-/config-resolver-2.0.17.tgz#e3a3d4bd0a9032e4f04a6665f14ff66a1ce630ee"
  integrity sha512-iQ8Q8ojqiPqRKdybDI1g7HvG8EcnekRnH3DYeNTrT26vDuPq2nomyMCc0DZnPW+uAUcLCGZpAmGTAvEOYX55wA==
  dependencies:
    "@smithy/node-config-provider" "^2.1.4"
    "@smithy/types" "^2.4.0"
    "@smithy/util-config-provider" "^2.0.0"
    "@smithy/util-middleware" "^2.0.5"
    tslib "^2.5.0"

"@smithy/credential-provider-imds@^2.0.0":
  version "2.0.1"
  resolved "https://registry.npmjs.org/@smithy/credential-provider-imds/-/credential-provider-imds-2.0.1.tgz"
  integrity sha512-8VxriuRINNEfVZjEFKBY75y9ZWAx73DZ5K/u+3LmB6r8WR2h3NaFxFKMlwlq0uzNdGhD1ouKBn9XWEGYHKiPLw==
  dependencies:
    "@smithy/node-config-provider" "^2.0.1"
    "@smithy/property-provider" "^2.0.1"
    "@smithy/types" "^2.0.2"
    "@smithy/url-parser" "^2.0.1"
    tslib "^2.5.0"

"@smithy/credential-provider-imds@^2.1.0":
  version "2.1.0"
  resolved "https://registry.yarnpkg.com/@smithy/credential-provider-imds/-/credential-provider-imds-2.1.0.tgz#39ddbed8e643af7c8cdd5d23150b89bf0239be07"
  integrity sha512-amqeueHM3i02S6z35WlXp7gejBnRloT5ctR/mQLlg/6LWGd70Avc2epzuuWtCptNg2ak5/yODD1fAVs9NPCyqg==
  dependencies:
    "@smithy/node-config-provider" "^2.1.4"
    "@smithy/property-provider" "^2.0.13"
    "@smithy/types" "^2.4.0"
    "@smithy/url-parser" "^2.0.12"
    tslib "^2.5.0"

"@smithy/eventstream-codec@^2.0.1":
  version "2.0.1"
  resolved "https://registry.npmjs.org/@smithy/eventstream-codec/-/eventstream-codec-2.0.1.tgz"
  integrity sha512-/IiNB7gQM2y2ZC/GAWOWDa8+iXfhr1g9Xe5979cQEOdCWDISvrAiv18cn3OtIQUhbYOR3gm7QtCpkq1to2takQ==
  dependencies:
    "@aws-crypto/crc32" "3.0.0"
    "@smithy/types" "^2.0.2"
    "@smithy/util-hex-encoding" "^2.0.0"
    tslib "^2.5.0"

"@smithy/fetch-http-handler@^2.2.4", "@smithy/fetch-http-handler@^2.2.5":
  version "2.2.5"
  resolved "https://registry.yarnpkg.com/@smithy/fetch-http-handler/-/fetch-http-handler-2.2.5.tgz#1369e24ce8b84984db2dc76e6e841e658d1cfaa0"
  integrity sha512-m9yoTx+64XRSpCzWArOpvHeAuVfI2LFz2hDzgzjzCLlN8IIwzkFaCav5ShsYxx4iu9sXp09+on0a5VROY9+MFQ==
  dependencies:
    "@smithy/protocol-http" "^3.0.8"
    "@smithy/querystring-builder" "^2.0.12"
    "@smithy/types" "^2.4.0"
    "@smithy/util-base64" "^2.0.1"
    tslib "^2.5.0"

"@smithy/hash-node@^2.0.12":
  version "2.0.14"
  resolved "https://registry.yarnpkg.com/@smithy/hash-node/-/hash-node-2.0.14.tgz#0141075cb06af7753942c7195ac8a7bc844d9bce"
  integrity sha512-eS2Q4IE2AZDfrfpXma49M2H1NVcs7VFg2KZ5hndQZibCmFJehS9CjjwIu0aWC61p4sEB7jWXw70bzOllyQU6GQ==
  dependencies:
    "@smithy/types" "^2.4.0"
    "@smithy/util-buffer-from" "^2.0.0"
    "@smithy/util-utf8" "^2.0.2"
    tslib "^2.5.0"

"@smithy/invalid-dependency@^2.0.12":
  version "2.0.12"
  resolved "https://registry.yarnpkg.com/@smithy/invalid-dependency/-/invalid-dependency-2.0.12.tgz#de78a5e9457cc397aad0648e18c0260b522fe604"
  integrity sha512-p5Y+iMHV3SoEpy3VSR7mifbreHQwVSvHSAz/m4GdoXfOzKzaYC8hYv10Ks7Deblkf7lhas8U+lAp9ThbBM+ZXA==
  dependencies:
    "@smithy/types" "^2.4.0"
    tslib "^2.5.0"

"@smithy/is-array-buffer@^2.0.0":
  version "2.0.0"
  resolved "https://registry.npmjs.org/@smithy/is-array-buffer/-/is-array-buffer-2.0.0.tgz"
  integrity sha512-z3PjFjMyZNI98JFRJi/U0nGoLWMSJlDjAW4QUX2WNZLas5C0CmVV6LJ01JI0k90l7FvpmixjWxPFmENSClQ7ug==
  dependencies:
    tslib "^2.5.0"

"@smithy/middleware-content-length@^2.0.14":
  version "2.0.14"
  resolved "https://registry.yarnpkg.com/@smithy/middleware-content-length/-/middleware-content-length-2.0.14.tgz#ee1aa842490cee90b6ac208fb13a7d56d3ed84f2"
  integrity sha512-poUNgKTw9XwPXfX9nEHpVgrMNVpaSMZbshqvPxFVoalF4wp6kRzYKOfdesSVectlQ51VtigoLfbXcdyPwvxgTg==
  dependencies:
    "@smithy/protocol-http" "^3.0.8"
    "@smithy/types" "^2.4.0"
    tslib "^2.5.0"

"@smithy/middleware-endpoint@^2.1.3":
  version "2.1.5"
  resolved "https://registry.yarnpkg.com/@smithy/middleware-endpoint/-/middleware-endpoint-2.1.5.tgz#5d1165dd5ce4c03b2f4d3d6bee95445084504b24"
  integrity sha512-eRhI0mI9tnkpmLwJbprV+MdlPyOMe8tFtVrNFMUlgOQrJeYv5AD5UFRn/KhgNX1vO1pVgpPtD9R+cRuFhj/lIQ==
  dependencies:
    "@smithy/middleware-serde" "^2.0.12"
    "@smithy/node-config-provider" "^2.1.4"
    "@smithy/shared-ini-file-loader" "^2.2.3"
    "@smithy/types" "^2.4.0"
    "@smithy/url-parser" "^2.0.12"
    "@smithy/util-middleware" "^2.0.5"
    tslib "^2.5.0"

"@smithy/middleware-retry@^2.0.18":
  version "2.0.19"
  resolved "https://registry.yarnpkg.com/@smithy/middleware-retry/-/middleware-retry-2.0.19.tgz#c2ad5dce0d9c0bcf90fa2d1dcb81a05d94f6f8d6"
  integrity sha512-VMS1GHxLpRnuLHrPTj/nb9aD99jJsNzWX07F00fIuV9lkz3lWP7RUM7P1aitm0+4YfhShPn+Wri8/CuoqPOziA==
  dependencies:
    "@smithy/node-config-provider" "^2.1.4"
    "@smithy/protocol-http" "^3.0.8"
    "@smithy/service-error-classification" "^2.0.5"
    "@smithy/types" "^2.4.0"
    "@smithy/util-middleware" "^2.0.5"
    "@smithy/util-retry" "^2.0.5"
    tslib "^2.5.0"
    uuid "^8.3.2"

"@smithy/middleware-serde@^2.0.12":
  version "2.0.12"
  resolved "https://registry.yarnpkg.com/@smithy/middleware-serde/-/middleware-serde-2.0.12.tgz#edc93c400a5ffec6c068419163f9d880bdff5e5b"
  integrity sha512-IBeco157lIScecq2Z+n0gq56i4MTnfKxS7rbfrAORveDJgnbBAaEQgYqMqp/cYqKrpvEXcyTjwKHrBjCCIZh2A==
  dependencies:
    "@smithy/types" "^2.4.0"
    tslib "^2.5.0"

"@smithy/middleware-stack@^2.0.6":
  version "2.0.6"
  resolved "https://registry.yarnpkg.com/@smithy/middleware-stack/-/middleware-stack-2.0.6.tgz#c58d6e4ffc4498bf47fd27adcddd142395d3ba84"
  integrity sha512-YSvNZeOKWLJ0M/ycxwDIe2Ztkp6Qixmcml1ggsSv2fdHKGkBPhGrX5tMzPGMI1yyx55UEYBi2OB4s+RriXX48A==
  dependencies:
    "@smithy/types" "^2.4.0"
    tslib "^2.5.0"

"@smithy/node-config-provider@^2.0.1", "@smithy/node-config-provider@^2.1.3", "@smithy/node-config-provider@^2.1.4":
  version "2.1.4"
  resolved "https://registry.yarnpkg.com/@smithy/node-config-provider/-/node-config-provider-2.1.4.tgz#92b9cf4389103d6918c25ba9b6de067b9091bb24"
  integrity sha512-kROLnHFatpimtmZ8YefsRRb5OJ8LVIVNhUWp67KHL4D2Vjd+WpIHMzWtkLLV4p0qXpY+IxmwcL2d2XMPn8ppsQ==
  dependencies:
    "@smithy/property-provider" "^2.0.13"
    "@smithy/shared-ini-file-loader" "^2.2.3"
    "@smithy/types" "^2.4.0"
    tslib "^2.5.0"

"@smithy/node-http-handler@^2.1.8":
  version "2.1.8"
  resolved "https://registry.yarnpkg.com/@smithy/node-http-handler/-/node-http-handler-2.1.8.tgz#aad989d5445c43a677e7e6161c6fa4abd0e46023"
  integrity sha512-KZylM7Wff/So5SmCiwg2kQNXJ+RXgz34wkxS7WNwIUXuZrZZpY/jKJCK+ZaGyuESDu3TxcaY+zeYGJmnFKbQsA==
  dependencies:
    "@smithy/abort-controller" "^2.0.12"
    "@smithy/protocol-http" "^3.0.8"
    "@smithy/querystring-builder" "^2.0.12"
    "@smithy/types" "^2.4.0"
    tslib "^2.5.0"

"@smithy/property-provider@^2.0.0", "@smithy/property-provider@^2.0.1":
  version "2.0.1"
  resolved "https://registry.npmjs.org/@smithy/property-provider/-/property-provider-2.0.1.tgz"
  integrity sha512-pmJRyY9SF6sutWIktIhe+bUdSQDxv/qZ4mYr3/u+u45riTPN7nmRxPo+e4sjWVoM0caKFjRSlj3tf5teRFy0Vg==
  dependencies:
    "@smithy/types" "^2.0.2"
    tslib "^2.5.0"

"@smithy/property-provider@^2.0.13":
  version "2.0.13"
  resolved "https://registry.yarnpkg.com/@smithy/property-provider/-/property-provider-2.0.13.tgz#45ee47ad79d638082523f944c49fd2e851312098"
  integrity sha512-VJqUf2CbsQX6uUiC5dUPuoEATuFjkbkW3lJHbRnpk9EDC9X+iKqhfTK+WP+lve5EQ9TcCI1Q6R7hrg41FyC54w==
  dependencies:
    "@smithy/types" "^2.4.0"
    tslib "^2.5.0"

"@smithy/protocol-http@^3.0.8":
  version "3.0.8"
  resolved "https://registry.yarnpkg.com/@smithy/protocol-http/-/protocol-http-3.0.8.tgz#0f7c114f6b8e23a57dff7a275d085bac97b9233c"
  integrity sha512-SHJvYeWq8q0FK8xHk+xjV9dzDUDjFMT+G1pZbV+XB6OVoac/FSVshlMNPeUJ8AmSkcDKHRu5vASnRqZHgD3qhw==
  dependencies:
    "@smithy/types" "^2.4.0"
    tslib "^2.5.0"

"@smithy/querystring-builder@^2.0.12":
  version "2.0.12"
  resolved "https://registry.yarnpkg.com/@smithy/querystring-builder/-/querystring-builder-2.0.12.tgz#d13e0eea08d43596bdbb182206ccdee0956d06fd"
  integrity sha512-cDbF07IuCjiN8CdGvPzfJjXIrmDSelScRfyJYrYBNBbKl2+k7QD/KqiHhtRyEKgID5mmEVrV6KE6L/iPJ98sFw==
  dependencies:
    "@smithy/types" "^2.4.0"
    "@smithy/util-uri-escape" "^2.0.0"
    tslib "^2.5.0"

"@smithy/querystring-parser@^2.0.12":
  version "2.0.12"
  resolved "https://registry.yarnpkg.com/@smithy/querystring-parser/-/querystring-parser-2.0.12.tgz#d2c234031e266359716a0c62c8c1208a5bd2557e"
  integrity sha512-fytyTcXaMzPBuNtPlhj5v6dbl4bJAnwKZFyyItAGt4Tgm9HFPZNo7a9r1SKPr/qdxUEBzvL9Rh+B9SkTX3kFxg==
  dependencies:
    "@smithy/types" "^2.4.0"
    tslib "^2.5.0"

"@smithy/service-error-classification@^2.0.5":
  version "2.0.5"
  resolved "https://registry.yarnpkg.com/@smithy/service-error-classification/-/service-error-classification-2.0.5.tgz#22c84fad456730adfa31cae91d47acd31304c346"
  integrity sha512-M0SeJnEgD2ywJyV99Fb1yKFzmxDe9JfpJiYTVSRMyRLc467BPU0qsuuDPzMCdB1mU8M8u1rVOdkqdoyFN8UFTw==
  dependencies:
    "@smithy/types" "^2.4.0"

"@smithy/shared-ini-file-loader@^2.0.6", "@smithy/shared-ini-file-loader@^2.2.3":
  version "2.2.3"
  resolved "https://registry.yarnpkg.com/@smithy/shared-ini-file-loader/-/shared-ini-file-loader-2.2.3.tgz#3d0d6a4228bec25c232cb8c0a491428cabcdabdd"
  integrity sha512-VDyhCNycPbNkPidMnBgYQeSwJkoATRFm5VrveVqIPAjsdGutf7yZpPycuDWW9bRFnuuwaBhCC0pA7KCH0+2wrg==
  dependencies:
    "@smithy/types" "^2.4.0"
    tslib "^2.5.0"

"@smithy/signature-v4@^2.0.0":
  version "2.0.1"
  resolved "https://registry.npmjs.org/@smithy/signature-v4/-/signature-v4-2.0.1.tgz"
  integrity sha512-jztv5Mirca42ilxmMDjzLdXcoAmRhZskGafGL49sRo5u7swEZcToEFrq6vtX5YMbSyTVrE9Teog5EFexY5Ff2Q==
  dependencies:
    "@smithy/eventstream-codec" "^2.0.1"
    "@smithy/is-array-buffer" "^2.0.0"
    "@smithy/types" "^2.0.2"
    "@smithy/util-hex-encoding" "^2.0.0"
    "@smithy/util-middleware" "^2.0.0"
    "@smithy/util-uri-escape" "^2.0.0"
    "@smithy/util-utf8" "^2.0.0"
    tslib "^2.5.0"

"@smithy/smithy-client@^2.1.12", "@smithy/smithy-client@^2.1.14":
  version "2.1.14"
  resolved "https://registry.yarnpkg.com/@smithy/smithy-client/-/smithy-client-2.1.14.tgz#babad7e9741048cfbb82fb7f64386f322aead9ee"
  integrity sha512-SMiflchpKadmyvjWPTVwBKjDcEigRHkiUjtzLBlTp9dEp2FmbCjpyc95BNvUdOGOMcPCIkoQQGeabo6avIZNiw==
  dependencies:
    "@smithy/middleware-stack" "^2.0.6"
    "@smithy/types" "^2.4.0"
    "@smithy/util-stream" "^2.0.19"
    tslib "^2.5.0"

"@smithy/types@^2.0.2", "@smithy/types@^2.4.0":
  version "2.4.0"
  resolved "https://registry.yarnpkg.com/@smithy/types/-/types-2.4.0.tgz#ed35e429e3ea3d089c68ed1bf951d0ccbdf2692e"
  integrity sha512-iH1Xz68FWlmBJ9vvYeHifVMWJf82ONx+OybPW8ZGf5wnEv2S0UXcU4zwlwJkRXuLKpcSLHrraHbn2ucdVXLb4g==
  dependencies:
    tslib "^2.5.0"

"@smithy/url-parser@^2.0.1", "@smithy/url-parser@^2.0.12":
  version "2.0.12"
  resolved "https://registry.yarnpkg.com/@smithy/url-parser/-/url-parser-2.0.12.tgz#a4cdd1b66176e48f10d119298f8f90b06b7e8a01"
  integrity sha512-qgkW2mZqRvlNUcBkxYB/gYacRaAdck77Dk3/g2iw0S9F0EYthIS3loGfly8AwoWpIvHKhkTsCXXQfzksgZ4zIA==
  dependencies:
    "@smithy/querystring-parser" "^2.0.12"
    "@smithy/types" "^2.4.0"
    tslib "^2.5.0"

"@smithy/util-base64@^2.0.0", "@smithy/util-base64@^2.0.1":
  version "2.0.1"
  resolved "https://registry.yarnpkg.com/@smithy/util-base64/-/util-base64-2.0.1.tgz#57f782dafc187eddea7c8a1ff2a7c188ed1a02c4"
  integrity sha512-DlI6XFYDMsIVN+GH9JtcRp3j02JEVuWIn/QOZisVzpIAprdsxGveFed0bjbMRCqmIFe8uetn5rxzNrBtIGrPIQ==
  dependencies:
    "@smithy/util-buffer-from" "^2.0.0"
    tslib "^2.5.0"

"@smithy/util-body-length-browser@^2.0.0":
  version "2.0.0"
  resolved "https://registry.npmjs.org/@smithy/util-body-length-browser/-/util-body-length-browser-2.0.0.tgz"
  integrity sha512-JdDuS4ircJt+FDnaQj88TzZY3+njZ6O+D3uakS32f2VNnDo3vyEuNdBOh/oFd8Df1zSZOuH1HEChk2AOYDezZg==
  dependencies:
    tslib "^2.5.0"

"@smithy/util-body-length-node@^2.1.0":
  version "2.1.0"
  resolved "https://registry.yarnpkg.com/@smithy/util-body-length-node/-/util-body-length-node-2.1.0.tgz#313a5f7c5017947baf5fa018bfc22628904bbcfa"
  integrity sha512-/li0/kj/y3fQ3vyzn36NTLGmUwAICb7Jbe/CsWCktW363gh1MOcpEcSO3mJ344Gv2dqz8YJCLQpb6hju/0qOWw==
  dependencies:
    tslib "^2.5.0"

"@smithy/util-buffer-from@^2.0.0":
  version "2.0.0"
  resolved "https://registry.npmjs.org/@smithy/util-buffer-from/-/util-buffer-from-2.0.0.tgz"
  integrity sha512-/YNnLoHsR+4W4Vf2wL5lGv0ksg8Bmk3GEGxn2vEQt52AQaPSCuaO5PM5VM7lP1K9qHRKHwrPGktqVoAHKWHxzw==
  dependencies:
    "@smithy/is-array-buffer" "^2.0.0"
    tslib "^2.5.0"

"@smithy/util-config-provider@^2.0.0":
  version "2.0.0"
  resolved "https://registry.npmjs.org/@smithy/util-config-provider/-/util-config-provider-2.0.0.tgz"
  integrity sha512-xCQ6UapcIWKxXHEU4Mcs2s7LcFQRiU3XEluM2WcCjjBtQkUN71Tb+ydGmJFPxMUrW/GWMgQEEGipLym4XG0jZg==
  dependencies:
    tslib "^2.5.0"

"@smithy/util-defaults-mode-browser@^2.0.16":
  version "2.0.18"
  resolved "https://registry.yarnpkg.com/@smithy/util-defaults-mode-browser/-/util-defaults-mode-browser-2.0.18.tgz#d756347d59801ef4500085eca5f577a7b6cecf42"
  integrity sha512-Dok3alNbkKI3MGTiW9zYGY/1gmU0MgrUMk0aRuNOeypY1TuKJ4NuNAbq5dv1GnWvYeFzWk4j0FMIwpJLF8DVmg==
  dependencies:
    "@smithy/property-provider" "^2.0.13"
    "@smithy/smithy-client" "^2.1.14"
    "@smithy/types" "^2.4.0"
    bowser "^2.11.0"
    tslib "^2.5.0"

"@smithy/util-defaults-mode-node@^2.0.21":
  version "2.0.24"
  resolved "https://registry.yarnpkg.com/@smithy/util-defaults-mode-node/-/util-defaults-mode-node-2.0.24.tgz#dc957e62e8dc8b1cff0c27ffd0e139c5295eec1e"
  integrity sha512-f5wM/SbjvDTCXxk//od43hhnEPItdZB3ByAqbpz5dkum/vLQe2hFRvMNbpt7UA4htQTrbUmLWJatUmvGQEFypg==
  dependencies:
    "@smithy/config-resolver" "^2.0.17"
    "@smithy/credential-provider-imds" "^2.1.0"
    "@smithy/node-config-provider" "^2.1.4"
    "@smithy/property-provider" "^2.0.13"
    "@smithy/smithy-client" "^2.1.14"
    "@smithy/types" "^2.4.0"
    tslib "^2.5.0"

"@smithy/util-endpoints@^1.0.2":
  version "1.0.3"
  resolved "https://registry.yarnpkg.com/@smithy/util-endpoints/-/util-endpoints-1.0.3.tgz#804147a2b2549220098c93d9e56b1e4c5211a908"
  integrity sha512-rMYXLMdAMVbJAEHhNlCSJsAxo3NG3lcPja7WmesjAbNrMSyYZ6FnHHTy8kzRhddn4eAtLvPBSO6LiBB21gCoHQ==
  dependencies:
    "@smithy/node-config-provider" "^2.1.4"
    "@smithy/types" "^2.4.0"
    tslib "^2.5.0"

"@smithy/util-hex-encoding@^2.0.0":
  version "2.0.0"
  resolved "https://registry.npmjs.org/@smithy/util-hex-encoding/-/util-hex-encoding-2.0.0.tgz"
  integrity sha512-c5xY+NUnFqG6d7HFh1IFfrm3mGl29lC+vF+geHv4ToiuJCBmIfzx6IeHLg+OgRdPFKDXIw6pvi+p3CsscaMcMA==
  dependencies:
    tslib "^2.5.0"

"@smithy/util-middleware@^2.0.0":
  version "2.0.0"
  resolved "https://registry.npmjs.org/@smithy/util-middleware/-/util-middleware-2.0.0.tgz"
  integrity sha512-eCWX4ECuDHn1wuyyDdGdUWnT4OGyIzV0LN1xRttBFMPI9Ff/4heSHVxneyiMtOB//zpXWCha1/SWHJOZstG7kA==
  dependencies:
    tslib "^2.5.0"

"@smithy/util-middleware@^2.0.5":
  version "2.0.5"
  resolved "https://registry.yarnpkg.com/@smithy/util-middleware/-/util-middleware-2.0.5.tgz#c63dc491de81641c99ade9309f30c54ad0e28fbd"
  integrity sha512-1lyT3TcaMJQe+OFfVI+TlomDkPuVzb27NZYdYtmSTltVmLaUjdCyt4KE+OH1CnhZKsz4/cdCL420Lg9UH5Z2Mw==
  dependencies:
    "@smithy/types" "^2.4.0"
    tslib "^2.5.0"

"@smithy/util-retry@^2.0.5":
  version "2.0.5"
  resolved "https://registry.yarnpkg.com/@smithy/util-retry/-/util-retry-2.0.5.tgz#1a93721da082301aca61d8b42380369761a7e80d"
  integrity sha512-x3t1+MQAJ6QONk3GTbJNcugCFDVJ+Bkro5YqQQK1EyVesajNDqxFtCx9WdOFNGm/Cbm7tUdwVEmfKQOJoU2Vtw==
  dependencies:
    "@smithy/service-error-classification" "^2.0.5"
    "@smithy/types" "^2.4.0"
    tslib "^2.5.0"

"@smithy/util-stream@^2.0.19":
  version "2.0.19"
  resolved "https://registry.yarnpkg.com/@smithy/util-stream/-/util-stream-2.0.19.tgz#f69679d5f9bde347b07e82a6d789aab5a50ee714"
  integrity sha512-2kwTRyOKJcRFeO1LX4Qn1vniEyU1urMG1DfomTpiOLTFS0iV3dsqNvYNltvTbmzZd9u0f15H96l38QP8dsKF1w==
  dependencies:
    "@smithy/fetch-http-handler" "^2.2.5"
    "@smithy/node-http-handler" "^2.1.8"
    "@smithy/types" "^2.4.0"
    "@smithy/util-base64" "^2.0.1"
    "@smithy/util-buffer-from" "^2.0.0"
    "@smithy/util-hex-encoding" "^2.0.0"
    "@smithy/util-utf8" "^2.0.2"
    tslib "^2.5.0"

"@smithy/util-uri-escape@^2.0.0":
  version "2.0.0"
  resolved "https://registry.npmjs.org/@smithy/util-uri-escape/-/util-uri-escape-2.0.0.tgz"
  integrity sha512-ebkxsqinSdEooQduuk9CbKcI+wheijxEb3utGXkCoYQkJnwTnLbH1JXGimJtUkQwNQbsbuYwG2+aFVyZf5TLaw==
  dependencies:
    tslib "^2.5.0"

"@smithy/util-utf8@^2.0.0", "@smithy/util-utf8@^2.0.2":
  version "2.0.2"
  resolved "https://registry.yarnpkg.com/@smithy/util-utf8/-/util-utf8-2.0.2.tgz#626b3e173ad137208e27ed329d6bea70f4a1a7f7"
  integrity sha512-qOiVORSPm6Ce4/Yu6hbSgNHABLP2VMv8QOC3tTDNHHlWY19pPyc++fBTbZPtx6egPXi4HQxKDnMxVxpbtX2GoA==
  dependencies:
    "@smithy/util-buffer-from" "^2.0.0"
    tslib "^2.5.0"

asynckit@^0.4.0:
  version "0.4.0"
  resolved "https://registry.npmjs.org/asynckit/-/asynckit-0.4.0.tgz"
  integrity sha512-Oei9OH4tRh0YqU3GxhX79dM/mwVgvbZJaSNaRk+bshkj0S5cfHcgYakreBjrHwatXKbz+IoIdYLxrKim2MjW0Q==

axios@^0.27.2:
  version "0.27.2"
  resolved "https://registry.npmjs.org/axios/-/axios-0.27.2.tgz"
  integrity sha512-t+yRIyySRTp/wua5xEr+z1q60QmLq8ABsS5O9Me1AsE5dfKqgnCFzwiCZZ/cGNd1lq4/7akDWMxdhVlucjmnOQ==
  dependencies:
    follow-redirects "^1.14.9"
    form-data "^4.0.0"

bignumber.js@^9.0.0:
  version "9.1.2"
  resolved "https://registry.npmjs.org/bignumber.js/-/bignumber.js-9.1.2.tgz"
  integrity sha512-2/mKyZH9K85bzOEfhXDBFZTGd1CTs+5IHpeFQo9luiBG7hghdC851Pj2WAhb6E3R6b9tZj/XKhbg4fum+Kepug==

bowser@^2.11.0:
  version "2.11.0"
  resolved "https://registry.npmjs.org/bowser/-/bowser-2.11.0.tgz"
  integrity sha512-AlcaJBi/pqqJBIQ8U9Mcpc9i8Aqxn88Skv5d+xBX006BY5u8N3mGLHa5Lgppa7L/HfwgwLgZ6NYs+Ag6uUmJRA==

combined-stream@^1.0.8:
  version "1.0.8"
  resolved "https://registry.npmjs.org/combined-stream/-/combined-stream-1.0.8.tgz"
  integrity sha512-FQN4MRfuJeHf7cBbBMJFXhKSDq+2kAArBlmRBvcvFE5BB1HZKXtSFASDhdlz9zOYwxh8lDdnvmMOe/+5cdoEdg==
  dependencies:
    delayed-stream "~1.0.0"

delayed-stream@~1.0.0:
  version "1.0.0"
  resolved "https://registry.npmjs.org/delayed-stream/-/delayed-stream-1.0.0.tgz"
  integrity sha512-ZySD7Nf91aLB0RxL4KGrKHBXl7Eds1DAmEdcoVawXnLD7SDhpNgtuII2aAkg7a7QS41jxPSZ17p4VdGnMHk3MQ==

fast-xml-parser@4.2.5:
  version "4.2.5"
  resolved "https://registry.npmjs.org/fast-xml-parser/-/fast-xml-parser-4.2.5.tgz"
  integrity sha512-B9/wizE4WngqQftFPmdaMYlXoJlJOYxGQOanC77fq9k8+Z0v5dDSVh+3glErdIROP//s/jgb7ZuxKfB8nVyo0g==
  dependencies:
    strnum "^1.0.5"

follow-redirects@^1.14.9:
  version "1.15.2"
  resolved "https://registry.npmjs.org/follow-redirects/-/follow-redirects-1.15.2.tgz"
  integrity sha512-VQLG33o04KaQ8uYi2tVNbdrWp1QWxNNea+nmIB4EVM28v0hmP17z7aG1+wAkNzVq4KeXTq3221ye5qTJP91JwA==

form-data@^4.0.0:
  version "4.0.0"
  resolved "https://registry.npmjs.org/form-data/-/form-data-4.0.0.tgz"
  integrity sha512-ETEklSGi5t0QMZuiXoA/Q6vcnxcLQP5vdugSpuAyi6SVGi2clPPp+xgEhuMaHC+zGgn31Kd235W35f7Hykkaww==
  dependencies:
    asynckit "^0.4.0"
    combined-stream "^1.0.8"
    mime-types "^2.1.12"

json-bigint@^1.0.0:
  version "1.0.0"
  resolved "https://registry.npmjs.org/json-bigint/-/json-bigint-1.0.0.tgz"
  integrity sha512-SiPv/8VpZuWbvLSMtTDU8hEfrZWg/mH/nV/b4o0CYbSxu1UIQPLdwKOCIyLQX+VIPO5vrLX3i8qtqFyhdPSUSQ==
  dependencies:
    bignumber.js "^9.0.0"

mime-db@1.52.0:
  version "1.52.0"
  resolved "https://registry.npmjs.org/mime-db/-/mime-db-1.52.0.tgz"
  integrity sha512-sPU4uV7dYlvtWJxwwxHD0PuihVNiE7TyAbQ5SWxDCB9mUYvOgroQOwYQQOKPJ8CIbE+1ETVlOoK1UC2nU3gYvg==

mime-types@^2.1.12:
  version "2.1.35"
  resolved "https://registry.npmjs.org/mime-types/-/mime-types-2.1.35.tgz"
  integrity sha512-ZDY+bPm5zTTF+YpCrAU9nK0UgICYPT0QtT1NZWFv4s++TNkcgVaT0g6+4R2uI4MjQjzysHB1zxuWL50hzaeXiw==
  dependencies:
    mime-db "1.52.0"

node-mailjet@^6.0.4:
  version "6.0.4"
  resolved "https://registry.yarnpkg.com/node-mailjet/-/node-mailjet-6.0.4.tgz#7b5f9eb06a5a4b3737a2e556e6e91fd905716762"
  integrity sha512-gNWfbVnsH+KxkhfDLPA8OrQ2Q25OgyKp19C7DSJYmN2zNfqTKIXzhB9BZwgxZtErmPxz2Fp1NR18WPCmrJDuwg==
  dependencies:
    axios "^0.27.2"
    json-bigint "^1.0.0"
    url-join "^4.0.0"

strnum@^1.0.5:
  version "1.0.5"
  resolved "https://registry.npmjs.org/strnum/-/strnum-1.0.5.tgz"
  integrity sha512-J8bbNyKKXl5qYcR36TIO8W3mVGVHrmmxsd5PAItGkmyzwJvybiw2IVq5nqd0i4LSNSkB/sx9VHllbfFdr9k1JA==

tslib@^1.11.1:
  version "1.14.1"
  resolved "https://registry.npmjs.org/tslib/-/tslib-1.14.1.tgz"
  integrity sha512-Xni35NKzjgMrwevysHTCArtLDpPvye8zV/0E4EyYn43P7/7qvQwPh9BGkHewbMulVntbigmcT7rdX3BNo9wRJg==

tslib@^2.3.1, tslib@^2.5.0:
  version "2.6.1"
  resolved "https://registry.npmjs.org/tslib/-/tslib-2.6.1.tgz"
  integrity sha512-t0hLfiEKfMUoqhG+U1oid7Pva4bbDPHYfJNiB7BiIjRkj1pyC++4N3huJfqY6aRH6VTB0rvtzQwjM4K6qpfOig==

url-join@^4.0.0:
  version "4.0.1"
  resolved "https://registry.npmjs.org/url-join/-/url-join-4.0.1.tgz"
  integrity sha512-jk1+QP6ZJqyOiuEI9AEWQfju/nB2Pw466kbA0LEZljHwKeMgd9WrAEgEGxjPDD2+TNbbb37rTyhEfrCXfuKXnA==

uuid@^8.3.2:
  version "8.3.2"
  resolved "https://registry.npmjs.org/uuid/-/uuid-8.3.2.tgz"
  integrity sha512-+NYs2QeMWy+GWFOEm9xnn6HCDp0l7QBD7ml8zLUmJ+93Q5NF0NocErnwkTkXVFNiX3/fpC6afS8Dhb/gz7R7eg==

zod@^3.21.4:
  version "3.21.4"
  resolved "https://registry.npmjs.org/zod/-/zod-3.21.4.tgz"
  integrity sha512-m46AKbrzKVzOzs/DZgVnG5H55N1sv1M8qZU3A8RIKbs3mrACDNeIOeilDymVb2HdmP8uwshOCF4uJ8uM9rCqJw==
