# THIS IS AN AUTOGENERATED FILE. DO NOT EDIT THIS FILE DIRECTLY.
# yarn lockfile v1


"@aws-crypto/crc32@3.0.0":
  version "3.0.0"
  resolved "https://registry.npmjs.org/@aws-crypto/crc32/-/crc32-3.0.0.tgz"
  integrity sha512-IzSgsrxUcsrejQbPVilIKy16kAT52EwB6zSaI+M3xxIhKh5+aldEyvI+z6erM7TCLB2BJsFrtHjp6/4/sr+3dA==
  dependencies:
    "@aws-crypto/util" "^3.0.0"
    "@aws-sdk/types" "^3.222.0"
    tslib "^1.11.1"

"@aws-crypto/ie11-detection@^3.0.0":
  version "3.0.0"
  resolved "https://registry.npmjs.org/@aws-crypto/ie11-detection/-/ie11-detection-3.0.0.tgz"
  integrity sha512-341lBBkiY1DfDNKai/wXM3aujNBkXR7tq1URPQDL9wi3AUbI80NR74uF1TXHMm7po1AcnFk8iu2S2IeU/+/A+Q==
  dependencies:
    tslib "^1.11.1"

"@aws-crypto/sha256-browser@3.0.0":
  version "3.0.0"
  resolved "https://registry.npmjs.org/@aws-crypto/sha256-browser/-/sha256-browser-3.0.0.tgz"
  integrity sha512-8VLmW2B+gjFbU5uMeqtQM6Nj0/F1bro80xQXCW6CQBWgosFWXTx77aeOF5CAIAmbOK64SdMBJdNr6J41yP5mvQ==
  dependencies:
    "@aws-crypto/ie11-detection" "^3.0.0"
    "@aws-crypto/sha256-js" "^3.0.0"
    "@aws-crypto/supports-web-crypto" "^3.0.0"
    "@aws-crypto/util" "^3.0.0"
    "@aws-sdk/types" "^3.222.0"
    "@aws-sdk/util-locate-window" "^3.0.0"
    "@aws-sdk/util-utf8-browser" "^3.0.0"
    tslib "^1.11.1"

"@aws-crypto/sha256-js@3.0.0", "@aws-crypto/sha256-js@^3.0.0":
  version "3.0.0"
  resolved "https://registry.npmjs.org/@aws-crypto/sha256-js/-/sha256-js-3.0.0.tgz"
  integrity sha512-PnNN7os0+yd1XvXAy23CFOmTbMaDxgxXtTKHybrJ39Y8kGzBATgBFibWJKH6BhytLI/Zyszs87xCOBNyBig6vQ==
  dependencies:
    "@aws-crypto/util" "^3.0.0"
    "@aws-sdk/types" "^3.222.0"
    tslib "^1.11.1"

"@aws-crypto/supports-web-crypto@^3.0.0":
  version "3.0.0"
  resolved "https://registry.npmjs.org/@aws-crypto/supports-web-crypto/-/supports-web-crypto-3.0.0.tgz"
  integrity sha512-06hBdMwUAb2WFTuGG73LSC0wfPu93xWwo5vL2et9eymgmu3Id5vFAHBbajVWiGhPO37qcsdCap/FqXvJGJWPIg==
  dependencies:
    tslib "^1.11.1"

"@aws-crypto/util@^3.0.0":
  version "3.0.0"
  resolved "https://registry.npmjs.org/@aws-crypto/util/-/util-3.0.0.tgz"
  integrity sha512-2OJlpeJpCR48CC8r+uKVChzs9Iungj9wkZrl8Z041DWEWvyIHILYKCPNzJghKsivj+S3mLo6BVc7mBNzdxA46w==
  dependencies:
    "@aws-sdk/types" "^3.222.0"
    "@aws-sdk/util-utf8-browser" "^3.0.0"
    tslib "^1.11.1"

"@aws-sdk/client-sns@^3.427.0":
  version "3.427.0"
  resolved "https://registry.yarnpkg.com/@aws-sdk/client-sns/-/client-sns-3.427.0.tgz#fb0dfab7a28b7cc6f74e7a55ba96a43fae9706d6"
  integrity sha512-G+5kmYwA27tkg3eX5tVJfMhNB0cn/We4Tqp30zUMwm1mBjAHzwn38cxjLOvV9c1ZMIv9xoaOH9tt5p4bjrn18w==
  dependencies:
    "@aws-crypto/sha256-browser" "3.0.0"
    "@aws-crypto/sha256-js" "3.0.0"
    "@aws-sdk/client-sts" "3.427.0"
    "@aws-sdk/credential-provider-node" "3.427.0"
    "@aws-sdk/middleware-host-header" "3.425.0"
    "@aws-sdk/middleware-logger" "3.425.0"
    "@aws-sdk/middleware-recursion-detection" "3.425.0"
    "@aws-sdk/middleware-signing" "3.425.0"
    "@aws-sdk/middleware-user-agent" "3.427.0"
    "@aws-sdk/region-config-resolver" "3.425.0"
    "@aws-sdk/types" "3.425.0"
    "@aws-sdk/util-endpoints" "3.427.0"
    "@aws-sdk/util-user-agent-browser" "3.425.0"
    "@aws-sdk/util-user-agent-node" "3.425.0"
    "@smithy/config-resolver" "^2.0.11"
    "@smithy/fetch-http-handler" "^2.2.1"
    "@smithy/hash-node" "^2.0.10"
    "@smithy/invalid-dependency" "^2.0.10"
    "@smithy/middleware-content-length" "^2.0.12"
    "@smithy/middleware-endpoint" "^2.0.10"
    "@smithy/middleware-retry" "^2.0.13"
    "@smithy/middleware-serde" "^2.0.10"
    "@smithy/middleware-stack" "^2.0.4"
    "@smithy/node-config-provider" "^2.0.13"
    "@smithy/node-http-handler" "^2.1.6"
    "@smithy/protocol-http" "^3.0.6"
    "@smithy/smithy-client" "^2.1.9"
    "@smithy/types" "^2.3.4"
    "@smithy/url-parser" "^2.0.10"
    "@smithy/util-base64" "^2.0.0"
    "@smithy/util-body-length-browser" "^2.0.0"
    "@smithy/util-body-length-node" "^2.1.0"
    "@smithy/util-defaults-mode-browser" "^2.0.13"
    "@smithy/util-defaults-mode-node" "^2.0.15"
    "@smithy/util-retry" "^2.0.3"
    "@smithy/util-utf8" "^2.0.0"
    fast-xml-parser "4.2.5"
    tslib "^2.5.0"

"@aws-sdk/client-sso@3.427.0":
  version "3.427.0"
  resolved "https://registry.yarnpkg.com/@aws-sdk/client-sso/-/client-sso-3.427.0.tgz#852f0bb00c7bc5e3d3c8751a6ff4e86a1484726f"
  integrity sha512-sFVFEmsQ1rmgYO1SgrOTxE/MTKpeE4hpOkm1WqhLQK7Ij136vXpjCxjH1JYZiHiUzO1wr9t4ex4dlB5J3VS/Xg==
  dependencies:
    "@aws-crypto/sha256-browser" "3.0.0"
    "@aws-crypto/sha256-js" "3.0.0"
    "@aws-sdk/middleware-host-header" "3.425.0"
    "@aws-sdk/middleware-logger" "3.425.0"
    "@aws-sdk/middleware-recursion-detection" "3.425.0"
    "@aws-sdk/middleware-user-agent" "3.427.0"
    "@aws-sdk/region-config-resolver" "3.425.0"
    "@aws-sdk/types" "3.425.0"
    "@aws-sdk/util-endpoints" "3.427.0"
    "@aws-sdk/util-user-agent-browser" "3.425.0"
    "@aws-sdk/util-user-agent-node" "3.425.0"
    "@smithy/config-resolver" "^2.0.11"
    "@smithy/fetch-http-handler" "^2.2.1"
    "@smithy/hash-node" "^2.0.10"
    "@smithy/invalid-dependency" "^2.0.10"
    "@smithy/middleware-content-length" "^2.0.12"
    "@smithy/middleware-endpoint" "^2.0.10"
    "@smithy/middleware-retry" "^2.0.13"
    "@smithy/middleware-serde" "^2.0.10"
    "@smithy/middleware-stack" "^2.0.4"
    "@smithy/node-config-provider" "^2.0.13"
    "@smithy/node-http-handler" "^2.1.6"
    "@smithy/protocol-http" "^3.0.6"
    "@smithy/smithy-client" "^2.1.9"
    "@smithy/types" "^2.3.4"
    "@smithy/url-parser" "^2.0.10"
    "@smithy/util-base64" "^2.0.0"
    "@smithy/util-body-length-browser" "^2.0.0"
    "@smithy/util-body-length-node" "^2.1.0"
    "@smithy/util-defaults-mode-browser" "^2.0.13"
    "@smithy/util-defaults-mode-node" "^2.0.15"
    "@smithy/util-retry" "^2.0.3"
    "@smithy/util-utf8" "^2.0.0"
    tslib "^2.5.0"

"@aws-sdk/client-sts@3.427.0":
  version "3.427.0"
  resolved "https://registry.yarnpkg.com/@aws-sdk/client-sts/-/client-sts-3.427.0.tgz#839df8e1aa8795ffbffc7f5d79ccbc6a1220ab33"
  integrity sha512-le2wLJKILyWuRfPz2HbyaNtu5kEki+ojUkTqCU6FPDRrqUvEkaaCBH9Awo/2AtrCfRkiobop8RuTTj6cAnpiJg==
  dependencies:
    "@aws-crypto/sha256-browser" "3.0.0"
    "@aws-crypto/sha256-js" "3.0.0"
    "@aws-sdk/credential-provider-node" "3.427.0"
    "@aws-sdk/middleware-host-header" "3.425.0"
    "@aws-sdk/middleware-logger" "3.425.0"
    "@aws-sdk/middleware-recursion-detection" "3.425.0"
    "@aws-sdk/middleware-sdk-sts" "3.425.0"
    "@aws-sdk/middleware-signing" "3.425.0"
    "@aws-sdk/middleware-user-agent" "3.427.0"
    "@aws-sdk/region-config-resolver" "3.425.0"
    "@aws-sdk/types" "3.425.0"
    "@aws-sdk/util-endpoints" "3.427.0"
    "@aws-sdk/util-user-agent-browser" "3.425.0"
    "@aws-sdk/util-user-agent-node" "3.425.0"
    "@smithy/config-resolver" "^2.0.11"
    "@smithy/fetch-http-handler" "^2.2.1"
    "@smithy/hash-node" "^2.0.10"
    "@smithy/invalid-dependency" "^2.0.10"
    "@smithy/middleware-content-length" "^2.0.12"
    "@smithy/middleware-endpoint" "^2.0.10"
    "@smithy/middleware-retry" "^2.0.13"
    "@smithy/middleware-serde" "^2.0.10"
    "@smithy/middleware-stack" "^2.0.4"
    "@smithy/node-config-provider" "^2.0.13"
    "@smithy/node-http-handler" "^2.1.6"
    "@smithy/protocol-http" "^3.0.6"
    "@smithy/smithy-client" "^2.1.9"
    "@smithy/types" "^2.3.4"
    "@smithy/url-parser" "^2.0.10"
    "@smithy/util-base64" "^2.0.0"
    "@smithy/util-body-length-browser" "^2.0.0"
    "@smithy/util-body-length-node" "^2.1.0"
    "@smithy/util-defaults-mode-browser" "^2.0.13"
    "@smithy/util-defaults-mode-node" "^2.0.15"
    "@smithy/util-retry" "^2.0.3"
    "@smithy/util-utf8" "^2.0.0"
    fast-xml-parser "4.2.5"
    tslib "^2.5.0"

"@aws-sdk/credential-provider-env@3.425.0":
  version "3.425.0"
  resolved "https://registry.yarnpkg.com/@aws-sdk/credential-provider-env/-/credential-provider-env-3.425.0.tgz#1f5be812aeed558efaebce641e4c030b86875544"
  integrity sha512-J20etnLvMKXRVi5FK4F8yOCNm2RTaQn5psQTGdDEPWJNGxohcSpzzls8U2KcMyUJ+vItlrThr4qwgpHG3i/N0w==
  dependencies:
    "@aws-sdk/types" "3.425.0"
    "@smithy/property-provider" "^2.0.0"
    "@smithy/types" "^2.3.4"
    tslib "^2.5.0"

"@aws-sdk/credential-provider-ini@3.427.0":
  version "3.427.0"
  resolved "https://registry.yarnpkg.com/@aws-sdk/credential-provider-ini/-/credential-provider-ini-3.427.0.tgz#bf52067ed5ef6971c7785d09bdf3c6aa16afc2b1"
  integrity sha512-NmH1cO/w98CKMltYec3IrJIIco19wRjATFNiw83c+FGXZ+InJwReqBnruxIOmKTx2KDzd6fwU1HOewS7UjaaaQ==
  dependencies:
    "@aws-sdk/credential-provider-env" "3.425.0"
    "@aws-sdk/credential-provider-process" "3.425.0"
    "@aws-sdk/credential-provider-sso" "3.427.0"
    "@aws-sdk/credential-provider-web-identity" "3.425.0"
    "@aws-sdk/types" "3.425.0"
    "@smithy/credential-provider-imds" "^2.0.0"
    "@smithy/property-provider" "^2.0.0"
    "@smithy/shared-ini-file-loader" "^2.0.6"
    "@smithy/types" "^2.3.4"
    tslib "^2.5.0"

"@aws-sdk/credential-provider-node@3.427.0":
  version "3.427.0"
  resolved "https://registry.yarnpkg.com/@aws-sdk/credential-provider-node/-/credential-provider-node-3.427.0.tgz#f3bd63bc5ab5b897ce67d5960731f48c89ba7520"
  integrity sha512-wYYbQ57nKL8OfgRbl8k6uXcdnYml+p3LSSfDUAuUEp1HKlQ8lOXFJ3BdLr5qrk7LhpyppSRnWBmh2c3kWa7ANQ==
  dependencies:
    "@aws-sdk/credential-provider-env" "3.425.0"
    "@aws-sdk/credential-provider-ini" "3.427.0"
    "@aws-sdk/credential-provider-process" "3.425.0"
    "@aws-sdk/credential-provider-sso" "3.427.0"
    "@aws-sdk/credential-provider-web-identity" "3.425.0"
    "@aws-sdk/types" "3.425.0"
    "@smithy/credential-provider-imds" "^2.0.0"
    "@smithy/property-provider" "^2.0.0"
    "@smithy/shared-ini-file-loader" "^2.0.6"
    "@smithy/types" "^2.3.4"
    tslib "^2.5.0"

"@aws-sdk/credential-provider-process@3.425.0":
  version "3.425.0"
  resolved "https://registry.yarnpkg.com/@aws-sdk/credential-provider-process/-/credential-provider-process-3.425.0.tgz#d5cd231e1732375fc918912f8083c8c45d9dc2ab"
  integrity sha512-YY6tkLdvtb1Fgofp3b1UWO+5vwS14LJ/smGmuGpSba0V7gFJRdcrJ9bcb9vVgAGuMdjzRJ+bUKlLLtqXkaykEw==
  dependencies:
    "@aws-sdk/types" "3.425.0"
    "@smithy/property-provider" "^2.0.0"
    "@smithy/shared-ini-file-loader" "^2.0.6"
    "@smithy/types" "^2.3.4"
    tslib "^2.5.0"

"@aws-sdk/credential-provider-sso@3.427.0":
  version "3.427.0"
  resolved "https://registry.yarnpkg.com/@aws-sdk/credential-provider-sso/-/credential-provider-sso-3.427.0.tgz#da54388247c0cf812e024c301a6f188550275850"
  integrity sha512-c+tXyS/i49erHs4bAp6vKNYeYlyQ0VNMBgoco0LCn1rL0REtHbfhWMnqDLF6c2n3yIWDOTrQu0D73Idnpy16eA==
  dependencies:
    "@aws-sdk/client-sso" "3.427.0"
    "@aws-sdk/token-providers" "3.427.0"
    "@aws-sdk/types" "3.425.0"
    "@smithy/property-provider" "^2.0.0"
    "@smithy/shared-ini-file-loader" "^2.0.6"
    "@smithy/types" "^2.3.4"
    tslib "^2.5.0"

"@aws-sdk/credential-provider-web-identity@3.425.0":
  version "3.425.0"
  resolved "https://registry.yarnpkg.com/@aws-sdk/credential-provider-web-identity/-/credential-provider-web-identity-3.425.0.tgz#c1587cc39be70db2c828aeab7b68a8245bc86f91"
  integrity sha512-/0R65TgRzL01JU3SzloivWNwdkbIhr06uY/F5pBHf/DynQqaspKNfdHn6AiozgSVDfwRHFjKBTUy6wvf3QFkuA==
  dependencies:
    "@aws-sdk/types" "3.425.0"
    "@smithy/property-provider" "^2.0.0"
    "@smithy/types" "^2.3.4"
    tslib "^2.5.0"

"@aws-sdk/middleware-host-header@3.425.0":
  version "3.425.0"
  resolved "https://registry.yarnpkg.com/@aws-sdk/middleware-host-header/-/middleware-host-header-3.425.0.tgz#7bca371e1a5611ec20c06bd7017efa1900c367d0"
  integrity sha512-E5Gt41LObQ+cr8QnLthwsH3MtVSNXy1AKJMowDr85h0vzqA/FHUkgHyOGntgozzjXT5M0MaSRYxS0xwTR5D4Ew==
  dependencies:
    "@aws-sdk/types" "3.425.0"
    "@smithy/protocol-http" "^3.0.6"
    "@smithy/types" "^2.3.4"
    tslib "^2.5.0"

"@aws-sdk/middleware-logger@3.425.0":
  version "3.425.0"
  resolved "https://registry.yarnpkg.com/@aws-sdk/middleware-logger/-/middleware-logger-3.425.0.tgz#e45f160b84798365e4acf8a283e9664ee9ee131b"
  integrity sha512-INE9XWRXx2f4a/r2vOU0tAmgctVp7nEaEasemNtVBYhqbKLZvr9ndLBSgKGgJ8LIcXAoISipaMuFiqIGkFsm7A==
  dependencies:
    "@aws-sdk/types" "3.425.0"
    "@smithy/types" "^2.3.4"
    tslib "^2.5.0"

"@aws-sdk/middleware-recursion-detection@3.425.0":
  version "3.425.0"
  resolved "https://registry.yarnpkg.com/@aws-sdk/middleware-recursion-detection/-/middleware-recursion-detection-3.425.0.tgz#c348ec16ebb7c357bcb403904c24e8da1914961d"
  integrity sha512-77gnzJ5b91bgD75L/ugpOyerx6lR3oyS4080X1YI58EzdyBMkDrHM4FbMcY2RynETi3lwXCFzLRyZjWXY1mRlw==
  dependencies:
    "@aws-sdk/types" "3.425.0"
    "@smithy/protocol-http" "^3.0.6"
    "@smithy/types" "^2.3.4"
    tslib "^2.5.0"

"@aws-sdk/middleware-sdk-sts@3.425.0":
  version "3.425.0"
  resolved "https://registry.yarnpkg.com/@aws-sdk/middleware-sdk-sts/-/middleware-sdk-sts-3.425.0.tgz#a020a04ddb5c6741d43d72afe79c24e6f1bb94b7"
  integrity sha512-JFojrg76oKAoBknnr9EL5N2aJ1mRCtBqXoZYST58GSx8uYdFQ89qS65VNQ8JviBXzsrCNAn4vDhZ5Ch5E6TxGQ==
  dependencies:
    "@aws-sdk/middleware-signing" "3.425.0"
    "@aws-sdk/types" "3.425.0"
    "@smithy/types" "^2.3.4"
    tslib "^2.5.0"

"@aws-sdk/middleware-signing@3.425.0":
  version "3.425.0"
  resolved "https://registry.yarnpkg.com/@aws-sdk/middleware-signing/-/middleware-signing-3.425.0.tgz#fa133b8a76216d0b55558634b09cbe769f16b037"
  integrity sha512-ZpOfgJHk7ovQ0sSwg3tU4NxFOnz53lJlkJRf7S+wxQALHM0P2MJ6LYBrZaFMVsKiJxNIdZBXD6jclgHg72ZW6Q==
  dependencies:
    "@aws-sdk/types" "3.425.0"
    "@smithy/property-provider" "^2.0.0"
    "@smithy/protocol-http" "^3.0.6"
    "@smithy/signature-v4" "^2.0.0"
    "@smithy/types" "^2.3.4"
    "@smithy/util-middleware" "^2.0.3"
    tslib "^2.5.0"

"@aws-sdk/middleware-user-agent@3.427.0":
  version "3.427.0"
  resolved "https://registry.yarnpkg.com/@aws-sdk/middleware-user-agent/-/middleware-user-agent-3.427.0.tgz#a1b7cf9a848dcb4af454922abf5e9714bc4c20aa"
  integrity sha512-y9HxYsNvnA3KqDl8w1jHeCwz4P9CuBEtu/G+KYffLeAMBsMZmh4SIkFFCO9wE/dyYg6+yo07rYcnnIfy7WA0bw==
  dependencies:
    "@aws-sdk/types" "3.425.0"
    "@aws-sdk/util-endpoints" "3.427.0"
    "@smithy/protocol-http" "^3.0.6"
    "@smithy/types" "^2.3.4"
    tslib "^2.5.0"

"@aws-sdk/region-config-resolver@3.425.0":
  version "3.425.0"
  resolved "https://registry.yarnpkg.com/@aws-sdk/region-config-resolver/-/region-config-resolver-3.425.0.tgz#b69cc305a4211c9f96f04ac3a10ff9a736ec13cb"
  integrity sha512-u7uv/iUOapIJdRgRkO3wnpYsUgV6ponsZJQgVg/8L+n+Vo5PQL5gAcIuAOwcYSKQPFaeK+KbmByI4SyOK203Vw==
  dependencies:
    "@smithy/node-config-provider" "^2.0.13"
    "@smithy/types" "^2.3.4"
    "@smithy/util-config-provider" "^2.0.0"
    "@smithy/util-middleware" "^2.0.3"
    tslib "^2.5.0"

"@aws-sdk/token-providers@3.427.0":
  version "3.427.0"
  resolved "https://registry.yarnpkg.com/@aws-sdk/token-providers/-/token-providers-3.427.0.tgz#d4b9aacda0a8fdd408bb95bf4b8de919df1227b8"
  integrity sha512-4E5E+4p8lJ69PBY400dJXF06LUHYx5lkKzBEsYqWWhoZcoftrvi24ltIhUDoGVLkrLcTHZIWSdFAWSos4hXqeg==
  dependencies:
    "@aws-crypto/sha256-browser" "3.0.0"
    "@aws-crypto/sha256-js" "3.0.0"
    "@aws-sdk/middleware-host-header" "3.425.0"
    "@aws-sdk/middleware-logger" "3.425.0"
    "@aws-sdk/middleware-recursion-detection" "3.425.0"
    "@aws-sdk/middleware-user-agent" "3.427.0"
    "@aws-sdk/types" "3.425.0"
    "@aws-sdk/util-endpoints" "3.427.0"
    "@aws-sdk/util-user-agent-browser" "3.425.0"
    "@aws-sdk/util-user-agent-node" "3.425.0"
    "@smithy/config-resolver" "^2.0.11"
    "@smithy/fetch-http-handler" "^2.2.1"
    "@smithy/hash-node" "^2.0.10"
    "@smithy/invalid-dependency" "^2.0.10"
    "@smithy/middleware-content-length" "^2.0.12"
    "@smithy/middleware-endpoint" "^2.0.10"
    "@smithy/middleware-retry" "^2.0.13"
    "@smithy/middleware-serde" "^2.0.10"
    "@smithy/middleware-stack" "^2.0.4"
    "@smithy/node-config-provider" "^2.0.13"
    "@smithy/node-http-handler" "^2.1.6"
    "@smithy/property-provider" "^2.0.0"
    "@smithy/protocol-http" "^3.0.6"
    "@smithy/shared-ini-file-loader" "^2.0.6"
    "@smithy/smithy-client" "^2.1.9"
    "@smithy/types" "^2.3.4"
    "@smithy/url-parser" "^2.0.10"
    "@smithy/util-base64" "^2.0.0"
    "@smithy/util-body-length-browser" "^2.0.0"
    "@smithy/util-body-length-node" "^2.1.0"
    "@smithy/util-defaults-mode-browser" "^2.0.13"
    "@smithy/util-defaults-mode-node" "^2.0.15"
    "@smithy/util-retry" "^2.0.3"
    "@smithy/util-utf8" "^2.0.0"
    tslib "^2.5.0"

"@aws-sdk/types@3.425.0", "@aws-sdk/types@^3.222.0":
  version "3.425.0"
  resolved "https://registry.yarnpkg.com/@aws-sdk/types/-/types-3.425.0.tgz#8d4e94743a69c865a83785a9f3bcfd49945836f7"
  integrity sha512-6lqbmorwerN4v+J5dqbHPAsjynI0mkEF+blf+69QTaKKGaxBBVaXgqoqul9RXYcK5MMrrYRbQIMd0zYOoy90kA==
  dependencies:
    "@smithy/types" "^2.3.4"
    tslib "^2.5.0"

"@aws-sdk/util-endpoints@3.427.0":
  version "3.427.0"
  resolved "https://registry.yarnpkg.com/@aws-sdk/util-endpoints/-/util-endpoints-3.427.0.tgz#09f7f36201ba80c1c669a0f4c506fb93de1e66d4"
  integrity sha512-rSyiAIFF/EVvity/+LWUqoTMJ0a25RAc9iqx0WZ4tf1UjuEXRRXxZEb+jEZg1bk+pY84gdLdx9z5E+MSJCZxNQ==
  dependencies:
    "@aws-sdk/types" "3.425.0"
    "@smithy/node-config-provider" "^2.0.13"
    tslib "^2.5.0"

"@aws-sdk/util-locate-window@^3.0.0":
  version "3.310.0"
  resolved "https://registry.npmjs.org/@aws-sdk/util-locate-window/-/util-locate-window-3.310.0.tgz"
  integrity sha512-qo2t/vBTnoXpjKxlsC2e1gBrRm80M3bId27r0BRB2VniSSe7bL1mmzM+/HFtujm0iAxtPM+aLEflLJlJeDPg0w==
  dependencies:
    tslib "^2.5.0"

"@aws-sdk/util-user-agent-browser@3.425.0":
  version "3.425.0"
  resolved "https://registry.yarnpkg.com/@aws-sdk/util-user-agent-browser/-/util-user-agent-browser-3.425.0.tgz#74d200d461ea2d75a8d4916c230ffe3a20fcb009"
  integrity sha512-22Y9iMtjGcFjGILR6/xdp1qRezlHVLyXtnpEsbuPTiernRCPk6zfAnK/ATH77r02MUjU057tdxVkd5umUBTn9Q==
  dependencies:
    "@aws-sdk/types" "3.425.0"
    "@smithy/types" "^2.3.4"
    bowser "^2.11.0"
    tslib "^2.5.0"

"@aws-sdk/util-user-agent-node@3.425.0":
  version "3.425.0"
  resolved "https://registry.yarnpkg.com/@aws-sdk/util-user-agent-node/-/util-user-agent-node-3.425.0.tgz#847c0d6526a34e174419dcecf0e12cd000158a84"
  integrity sha512-SIR4F5uQeeVAi8lv4OgRirtdtNi5zeyogTuQgGi9su8F/WP1N6JqxofcwpUY5f8/oJ2UlXr/tx1f09UHfJJzvA==
  dependencies:
    "@aws-sdk/types" "3.425.0"
    "@smithy/node-config-provider" "^2.0.13"
    "@smithy/types" "^2.3.4"
    tslib "^2.5.0"

"@aws-sdk/util-utf8-browser@^3.0.0":
  version "3.259.0"
  resolved "https://registry.npmjs.org/@aws-sdk/util-utf8-browser/-/util-utf8-browser-3.259.0.tgz"
  integrity sha512-UvFa/vR+e19XookZF8RzFZBrw2EUkQWxiBW0yYQAhvk3C+QVGl0H3ouca8LDBlBfQKXwmW3huo/59H8rwb1wJw==
  dependencies:
    tslib "^2.3.1"

"@smithy/abort-controller@^2.0.11":
  version "2.0.11"
  resolved "https://registry.yarnpkg.com/@smithy/abort-controller/-/abort-controller-2.0.11.tgz#e1d96a2ecbf103d0b075a7456ce3afeeb9f76a87"
  integrity sha512-MSzE1qR2JNyb7ot3blIOT3O3H0Jn06iNDEgHRaqZUwBgx5EG+VIx24Y21tlKofzYryIOcWpIohLrIIyocD6LMA==
  dependencies:
    "@smithy/types" "^2.3.5"
    tslib "^2.5.0"

"@smithy/config-resolver@^2.0.11", "@smithy/config-resolver@^2.0.14":
  version "2.0.14"
  resolved "https://registry.yarnpkg.com/@smithy/config-resolver/-/config-resolver-2.0.14.tgz#16163e14053949f5a717be6f5802a7039e5ff4d1"
  integrity sha512-K1K+FuWQoy8j/G7lAmK85o03O89s2Vvh6kMFmzEmiHUoQCRH1rzbDtMnGNiaMHeSeYJ6y79IyTusdRG+LuWwtg==
  dependencies:
    "@smithy/node-config-provider" "^2.1.1"
    "@smithy/types" "^2.3.5"
    "@smithy/util-config-provider" "^2.0.0"
    "@smithy/util-middleware" "^2.0.4"
    tslib "^2.5.0"

"@smithy/credential-provider-imds@^2.0.0":
  version "2.0.1"
  resolved "https://registry.npmjs.org/@smithy/credential-provider-imds/-/credential-provider-imds-2.0.1.tgz"
  integrity sha512-8VxriuRINNEfVZjEFKBY75y9ZWAx73DZ5K/u+3LmB6r8WR2h3NaFxFKMlwlq0uzNdGhD1ouKBn9XWEGYHKiPLw==
  dependencies:
    "@smithy/node-config-provider" "^2.0.1"
    "@smithy/property-provider" "^2.0.1"
    "@smithy/types" "^2.0.2"
    "@smithy/url-parser" "^2.0.1"
    tslib "^2.5.0"

"@smithy/credential-provider-imds@^2.0.16":
  version "2.0.16"
  resolved "https://registry.yarnpkg.com/@smithy/credential-provider-imds/-/credential-provider-imds-2.0.16.tgz#07da7ecd43eff92156ddc54f3b5330bbc128d5cd"
  integrity sha512-tKa2xF+69TvGxJT+lnJpGrKxUuAZDLYXFhqnPEgnHz+psTpkpcB4QRjHj63+uj83KaeFJdTfW201eLZeRn6FfA==
  dependencies:
    "@smithy/node-config-provider" "^2.1.1"
    "@smithy/property-provider" "^2.0.12"
    "@smithy/types" "^2.3.5"
    "@smithy/url-parser" "^2.0.11"
    tslib "^2.5.0"

"@smithy/eventstream-codec@^2.0.1":
  version "2.0.1"
  resolved "https://registry.npmjs.org/@smithy/eventstream-codec/-/eventstream-codec-2.0.1.tgz"
  integrity sha512-/IiNB7gQM2y2ZC/GAWOWDa8+iXfhr1g9Xe5979cQEOdCWDISvrAiv18cn3OtIQUhbYOR3gm7QtCpkq1to2takQ==
  dependencies:
    "@aws-crypto/crc32" "3.0.0"
    "@smithy/types" "^2.0.2"
    "@smithy/util-hex-encoding" "^2.0.0"
    tslib "^2.5.0"

"@smithy/fetch-http-handler@^2.2.1", "@smithy/fetch-http-handler@^2.2.2":
  version "2.2.2"
  resolved "https://registry.yarnpkg.com/@smithy/fetch-http-handler/-/fetch-http-handler-2.2.2.tgz#c698c24ee75b7b8b6ff7bffb7c26ae9b3363d8cc"
  integrity sha512-K7aRtRuaBjzlk+jWWeyfDTLAmRRvmA4fU8eHUXtjsuEDgi3f356ZE32VD2ssxIH13RCLVZbXMt5h7wHzYiSuVA==
  dependencies:
    "@smithy/protocol-http" "^3.0.7"
    "@smithy/querystring-builder" "^2.0.11"
    "@smithy/types" "^2.3.5"
    "@smithy/util-base64" "^2.0.0"
    tslib "^2.5.0"

"@smithy/hash-node@^2.0.10":
  version "2.0.11"
  resolved "https://registry.yarnpkg.com/@smithy/hash-node/-/hash-node-2.0.11.tgz#07d73eefa9ab28e4f03461c6ec0532b85792329d"
  integrity sha512-PbleVugN2tbhl1ZoNWVrZ1oTFFas/Hq+s6zGO8B9bv4w/StTriTKA9W+xZJACOj9X7zwfoTLbscM+avCB1KqOQ==
  dependencies:
    "@smithy/types" "^2.3.5"
    "@smithy/util-buffer-from" "^2.0.0"
    "@smithy/util-utf8" "^2.0.0"
    tslib "^2.5.0"

"@smithy/invalid-dependency@^2.0.10":
  version "2.0.11"
  resolved "https://registry.yarnpkg.com/@smithy/invalid-dependency/-/invalid-dependency-2.0.11.tgz#41811da5da9950f52a0491ea532add2b1895349b"
  integrity sha512-zazq99ujxYv/NOf9zh7xXbNgzoVLsqE0wle8P/1zU/XdhPi/0zohTPKWUzIxjGdqb5hkkwfBkNkl5H+LE0mvgw==
  dependencies:
    "@smithy/types" "^2.3.5"
    tslib "^2.5.0"

"@smithy/is-array-buffer@^2.0.0":
  version "2.0.0"
  resolved "https://registry.npmjs.org/@smithy/is-array-buffer/-/is-array-buffer-2.0.0.tgz"
  integrity sha512-z3PjFjMyZNI98JFRJi/U0nGoLWMSJlDjAW4QUX2WNZLas5C0CmVV6LJ01JI0k90l7FvpmixjWxPFmENSClQ7ug==
  dependencies:
    tslib "^2.5.0"

"@smithy/middleware-content-length@^2.0.12":
  version "2.0.13"
  resolved "https://registry.yarnpkg.com/@smithy/middleware-content-length/-/middleware-content-length-2.0.13.tgz#eb8195510fac8e2d925e43f270f347d8e2ce038b"
  integrity sha512-Md2kxWpaec3bXp1oERFPQPBhOXCkGSAF7uc1E+4rkwjgw3/tqAXRtbjbggu67HJdwaif76As8AV6XxbD1HzqTQ==
  dependencies:
    "@smithy/protocol-http" "^3.0.7"
    "@smithy/types" "^2.3.5"
    tslib "^2.5.0"

"@smithy/middleware-endpoint@^2.0.10":
  version "2.0.11"
  resolved "https://registry.yarnpkg.com/@smithy/middleware-endpoint/-/middleware-endpoint-2.0.11.tgz#c3c380ef13c43ee7443ebb4b3e2b6bb26464ff87"
  integrity sha512-mCugsvB15up6fqpzUEpMT4CuJmFkEI+KcozA7QMzYguXCaIilyMKsyxgamwmr+o7lo3QdjN0//XLQ9bWFL129g==
  dependencies:
    "@smithy/middleware-serde" "^2.0.11"
    "@smithy/types" "^2.3.5"
    "@smithy/url-parser" "^2.0.11"
    "@smithy/util-middleware" "^2.0.4"
    tslib "^2.5.0"

"@smithy/middleware-retry@^2.0.13":
  version "2.0.16"
  resolved "https://registry.yarnpkg.com/@smithy/middleware-retry/-/middleware-retry-2.0.16.tgz#f87401a01317de351df5228e4591961d04663607"
  integrity sha512-Br5+0yoiMS0ugiOAfJxregzMMGIRCbX4PYo1kDHtLgvkA/d++aHbnHB819m5zOIAMPvPE7AThZgcsoK+WOsUTA==
  dependencies:
    "@smithy/node-config-provider" "^2.1.1"
    "@smithy/protocol-http" "^3.0.7"
    "@smithy/service-error-classification" "^2.0.4"
    "@smithy/types" "^2.3.5"
    "@smithy/util-middleware" "^2.0.4"
    "@smithy/util-retry" "^2.0.4"
    tslib "^2.5.0"
    uuid "^8.3.2"

"@smithy/middleware-serde@^2.0.10", "@smithy/middleware-serde@^2.0.11":
  version "2.0.11"
  resolved "https://registry.yarnpkg.com/@smithy/middleware-serde/-/middleware-serde-2.0.11.tgz#89c4433b9b4077e2f71f436cd4f97d613e2cf3bd"
  integrity sha512-NuxnjMyf4zQqhwwdh0OTj5RqpnuT6HcH5Xg5GrPijPcKzc2REXVEVK4Yyk8ckj8ez1XSj/bCmJ+oNjmqB02GWA==
  dependencies:
    "@smithy/types" "^2.3.5"
    tslib "^2.5.0"

"@smithy/middleware-stack@^2.0.4", "@smithy/middleware-stack@^2.0.5":
  version "2.0.5"
  resolved "https://registry.yarnpkg.com/@smithy/middleware-stack/-/middleware-stack-2.0.5.tgz#43cd8aa7141b23dfbb64dff9ead8a3983d3acc5c"
  integrity sha512-bVQU/rZzBY7CbSxIrDTGZYnBWKtIw+PL/cRc9B7etZk1IKSOe0NvKMJyWllfhfhrTeMF6eleCzOihIQympAvPw==
  dependencies:
    "@smithy/types" "^2.3.5"
    tslib "^2.5.0"

"@smithy/node-config-provider@^2.0.1", "@smithy/node-config-provider@^2.0.13", "@smithy/node-config-provider@^2.1.1":
  version "2.1.1"
  resolved "https://registry.yarnpkg.com/@smithy/node-config-provider/-/node-config-provider-2.1.1.tgz#34c861b95a4e1b66a2dc1d1aecc2bca08466bd5e"
  integrity sha512-1lF6s1YWBi1LBu2O30tD3jyTgMtuvk/Z1twzXM4GPYe4dmZix4nNREPJIPOcfFikNU2o0eTYP80+izx5F2jIJA==
  dependencies:
    "@smithy/property-provider" "^2.0.12"
    "@smithy/shared-ini-file-loader" "^2.2.0"
    "@smithy/types" "^2.3.5"
    tslib "^2.5.0"

"@smithy/node-http-handler@^2.1.6", "@smithy/node-http-handler@^2.1.7":
  version "2.1.7"
  resolved "https://registry.yarnpkg.com/@smithy/node-http-handler/-/node-http-handler-2.1.7.tgz#a920e0e40fd04e2ea399cb4f06092fea0a1b66da"
  integrity sha512-PQIKZXlp3awCDn/xNlCSTFE7aYG/5Tx33M05NfQmWYeB5yV1GZZOSz4dXpwiNJYTXb9jPqjl+ueXXkwtEluFFA==
  dependencies:
    "@smithy/abort-controller" "^2.0.11"
    "@smithy/protocol-http" "^3.0.7"
    "@smithy/querystring-builder" "^2.0.11"
    "@smithy/types" "^2.3.5"
    tslib "^2.5.0"

"@smithy/property-provider@^2.0.0", "@smithy/property-provider@^2.0.1":
  version "2.0.1"
  resolved "https://registry.npmjs.org/@smithy/property-provider/-/property-provider-2.0.1.tgz"
  integrity sha512-pmJRyY9SF6sutWIktIhe+bUdSQDxv/qZ4mYr3/u+u45riTPN7nmRxPo+e4sjWVoM0caKFjRSlj3tf5teRFy0Vg==
  dependencies:
    "@smithy/types" "^2.0.2"
    tslib "^2.5.0"

"@smithy/property-provider@^2.0.12":
  version "2.0.12"
  resolved "https://registry.yarnpkg.com/@smithy/property-provider/-/property-provider-2.0.12.tgz#09391cae6f336300e88128717ee5fb7cff76c5b4"
  integrity sha512-Un/OvvuQ1Kg8WYtoMCicfsFFuHb/TKL3pCA6ZIo/WvNTJTR94RtoRnL7mY4XkkUAoFMyf6KjcQJ76y1FX7S5rw==
  dependencies:
    "@smithy/types" "^2.3.5"
    tslib "^2.5.0"

"@smithy/protocol-http@^3.0.6", "@smithy/protocol-http@^3.0.7":
  version "3.0.7"
  resolved "https://registry.yarnpkg.com/@smithy/protocol-http/-/protocol-http-3.0.7.tgz#4deec17a27f7cc5d2bea962fcb0cdfbfd311b05c"
  integrity sha512-HnZW8y+r66ntYueCDbLqKwWcMNWW8o3eVpSrHNluwtBJ/EUWfQHRKSiu6vZZtc6PGfPQWgVfucoCE/C3QufMAA==
  dependencies:
    "@smithy/types" "^2.3.5"
    tslib "^2.5.0"

"@smithy/querystring-builder@^2.0.11":
  version "2.0.11"
  resolved "https://registry.yarnpkg.com/@smithy/querystring-builder/-/querystring-builder-2.0.11.tgz#7a56bed12474ad46059116d87eb7b81cdba9d7f6"
  integrity sha512-b4kEbVMxpmfv2VWUITn2otckTi7GlMteZQxi+jlwedoATOGEyrCJPfRcYQJjbCi3fZ2QTfh3PcORvB27+j38Yg==
  dependencies:
    "@smithy/types" "^2.3.5"
    "@smithy/util-uri-escape" "^2.0.0"
    tslib "^2.5.0"

"@smithy/querystring-parser@^2.0.11":
  version "2.0.11"
  resolved "https://registry.yarnpkg.com/@smithy/querystring-parser/-/querystring-parser-2.0.11.tgz#63b7fde68714974c220e386002100ad9b70d91a3"
  integrity sha512-YXe7jhi7s3dQ0Fu9dLoY/gLu6NCyy8tBWJL/v2c9i7/RLpHgKT+uT96/OqZkHizCJ4kr0ZD46tzMjql/o60KLg==
  dependencies:
    "@smithy/types" "^2.3.5"
    tslib "^2.5.0"

"@smithy/service-error-classification@^2.0.4":
  version "2.0.4"
  resolved "https://registry.yarnpkg.com/@smithy/service-error-classification/-/service-error-classification-2.0.4.tgz#05c0a30eddbf63fb5f27704757da388aec5d66c2"
  integrity sha512-77506l12I5gxTZqBkx3Wb0RqMG81bMYLaVQ+EqIWFwQDJRs5UFeXogKxSKojCmz1wLUziHZQXm03MBzPQiumQw==
  dependencies:
    "@smithy/types" "^2.3.5"

"@smithy/shared-ini-file-loader@^2.0.6", "@smithy/shared-ini-file-loader@^2.2.0":
  version "2.2.0"
  resolved "https://registry.yarnpkg.com/@smithy/shared-ini-file-loader/-/shared-ini-file-loader-2.2.0.tgz#9e4a90a29fe3f109875c26e6127802ed0953f43d"
  integrity sha512-xFXqs4vAb5BdkzHSRrTapFoaqS4/3m/CGZzdw46fBjYZ0paYuLAoMY60ICCn1FfGirG+PiJ3eWcqJNe4/SkfyA==
  dependencies:
    "@smithy/types" "^2.3.5"
    tslib "^2.5.0"

"@smithy/signature-v4@^2.0.0":
  version "2.0.1"
  resolved "https://registry.npmjs.org/@smithy/signature-v4/-/signature-v4-2.0.1.tgz"
  integrity sha512-jztv5Mirca42ilxmMDjzLdXcoAmRhZskGafGL49sRo5u7swEZcToEFrq6vtX5YMbSyTVrE9Teog5EFexY5Ff2Q==
  dependencies:
    "@smithy/eventstream-codec" "^2.0.1"
    "@smithy/is-array-buffer" "^2.0.0"
    "@smithy/types" "^2.0.2"
    "@smithy/util-hex-encoding" "^2.0.0"
    "@smithy/util-middleware" "^2.0.0"
    "@smithy/util-uri-escape" "^2.0.0"
    "@smithy/util-utf8" "^2.0.0"
    tslib "^2.5.0"

"@smithy/smithy-client@^2.1.10", "@smithy/smithy-client@^2.1.9":
  version "2.1.10"
  resolved "https://registry.yarnpkg.com/@smithy/smithy-client/-/smithy-client-2.1.10.tgz#cfe93559dbec1511c434c8e94e1659ec74cf54f7"
  integrity sha512-2OEmZDiW1Z196QHuQZ5M6cBE8FCSG0H2HADP1G+DY8P3agsvb0YJyfhyKuJbxIQy15tr3eDAK6FOrlbxgKOOew==
  dependencies:
    "@smithy/middleware-stack" "^2.0.5"
    "@smithy/types" "^2.3.5"
    "@smithy/util-stream" "^2.0.15"
    tslib "^2.5.0"

"@smithy/types@^2.0.2", "@smithy/types@^2.3.4", "@smithy/types@^2.3.5":
  version "2.3.5"
  resolved "https://registry.yarnpkg.com/@smithy/types/-/types-2.3.5.tgz#7684a74d4368f323b478bd9e99e7dc3a6156b5e5"
  integrity sha512-ehyDt8M9hehyxrLQGoA1BGPou8Js1Ocoh5M0ngDhJMqbFmNK5N6Xhr9/ZExWkyIW8XcGkiMPq3ZUEE0ScrhbuQ==
  dependencies:
    tslib "^2.5.0"

"@smithy/url-parser@^2.0.1", "@smithy/url-parser@^2.0.10", "@smithy/url-parser@^2.0.11":
  version "2.0.11"
  resolved "https://registry.yarnpkg.com/@smithy/url-parser/-/url-parser-2.0.11.tgz#19c157f9d47217259e587847101ef6bd83091a5e"
  integrity sha512-h89yXMCCF+S5k9XIoKltMIWTYj+FcEkU/IIFZ6RtE222fskOTL4Iak6ZRG+ehSvZDt8yKEcxqheTDq7JvvtK3g==
  dependencies:
    "@smithy/querystring-parser" "^2.0.11"
    "@smithy/types" "^2.3.5"
    tslib "^2.5.0"

"@smithy/util-base64@^2.0.0":
  version "2.0.0"
  resolved "https://registry.npmjs.org/@smithy/util-base64/-/util-base64-2.0.0.tgz"
  integrity sha512-Zb1E4xx+m5Lud8bbeYi5FkcMJMnn+1WUnJF3qD7rAdXpaL7UjkFQLdmW5fHadoKbdHpwH9vSR8EyTJFHJs++tA==
  dependencies:
    "@smithy/util-buffer-from" "^2.0.0"
    tslib "^2.5.0"

"@smithy/util-body-length-browser@^2.0.0":
  version "2.0.0"
  resolved "https://registry.npmjs.org/@smithy/util-body-length-browser/-/util-body-length-browser-2.0.0.tgz"
  integrity sha512-JdDuS4ircJt+FDnaQj88TzZY3+njZ6O+D3uakS32f2VNnDo3vyEuNdBOh/oFd8Df1zSZOuH1HEChk2AOYDezZg==
  dependencies:
    tslib "^2.5.0"

"@smithy/util-body-length-node@^2.1.0":
  version "2.1.0"
  resolved "https://registry.yarnpkg.com/@smithy/util-body-length-node/-/util-body-length-node-2.1.0.tgz#313a5f7c5017947baf5fa018bfc22628904bbcfa"
  integrity sha512-/li0/kj/y3fQ3vyzn36NTLGmUwAICb7Jbe/CsWCktW363gh1MOcpEcSO3mJ344Gv2dqz8YJCLQpb6hju/0qOWw==
  dependencies:
    tslib "^2.5.0"

"@smithy/util-buffer-from@^2.0.0":
  version "2.0.0"
  resolved "https://registry.npmjs.org/@smithy/util-buffer-from/-/util-buffer-from-2.0.0.tgz"
  integrity sha512-/YNnLoHsR+4W4Vf2wL5lGv0ksg8Bmk3GEGxn2vEQt52AQaPSCuaO5PM5VM7lP1K9qHRKHwrPGktqVoAHKWHxzw==
  dependencies:
    "@smithy/is-array-buffer" "^2.0.0"
    tslib "^2.5.0"

"@smithy/util-config-provider@^2.0.0":
  version "2.0.0"
  resolved "https://registry.npmjs.org/@smithy/util-config-provider/-/util-config-provider-2.0.0.tgz"
  integrity sha512-xCQ6UapcIWKxXHEU4Mcs2s7LcFQRiU3XEluM2WcCjjBtQkUN71Tb+ydGmJFPxMUrW/GWMgQEEGipLym4XG0jZg==
  dependencies:
    tslib "^2.5.0"

"@smithy/util-defaults-mode-browser@^2.0.13":
  version "2.0.14"
  resolved "https://registry.yarnpkg.com/@smithy/util-defaults-mode-browser/-/util-defaults-mode-browser-2.0.14.tgz#e1c6f67277e5887eed8290d24c18175f2ae22b3d"
  integrity sha512-NupG7SWUucm3vJrvlpt9jG1XeoPJphjcivgcUUXhDJbUPy4F04LhlTiAhWSzwlCNcF8OJsMvZ/DWbpYD3pselw==
  dependencies:
    "@smithy/property-provider" "^2.0.12"
    "@smithy/smithy-client" "^2.1.10"
    "@smithy/types" "^2.3.5"
    bowser "^2.11.0"
    tslib "^2.5.0"

"@smithy/util-defaults-mode-node@^2.0.15":
  version "2.0.18"
  resolved "https://registry.yarnpkg.com/@smithy/util-defaults-mode-node/-/util-defaults-mode-node-2.0.18.tgz#29c640c363e4cb2b99c93c4c2a34e2297c5276f7"
  integrity sha512-+3jMom/b/Cdp21tDnY4vKu249Al+G/P0HbRbct7/aSZDlROzv1tksaYukon6UUv7uoHn+/McqnsvqZHLlqvQ0g==
  dependencies:
    "@smithy/config-resolver" "^2.0.14"
    "@smithy/credential-provider-imds" "^2.0.16"
    "@smithy/node-config-provider" "^2.1.1"
    "@smithy/property-provider" "^2.0.12"
    "@smithy/smithy-client" "^2.1.10"
    "@smithy/types" "^2.3.5"
    tslib "^2.5.0"

"@smithy/util-hex-encoding@^2.0.0":
  version "2.0.0"
  resolved "https://registry.npmjs.org/@smithy/util-hex-encoding/-/util-hex-encoding-2.0.0.tgz"
  integrity sha512-c5xY+NUnFqG6d7HFh1IFfrm3mGl29lC+vF+geHv4ToiuJCBmIfzx6IeHLg+OgRdPFKDXIw6pvi+p3CsscaMcMA==
  dependencies:
    tslib "^2.5.0"

"@smithy/util-middleware@^2.0.0":
  version "2.0.0"
  resolved "https://registry.npmjs.org/@smithy/util-middleware/-/util-middleware-2.0.0.tgz"
  integrity sha512-eCWX4ECuDHn1wuyyDdGdUWnT4OGyIzV0LN1xRttBFMPI9Ff/4heSHVxneyiMtOB//zpXWCha1/SWHJOZstG7kA==
  dependencies:
    tslib "^2.5.0"

"@smithy/util-middleware@^2.0.3", "@smithy/util-middleware@^2.0.4":
  version "2.0.4"
  resolved "https://registry.yarnpkg.com/@smithy/util-middleware/-/util-middleware-2.0.4.tgz#2c406efac04e341c3df6435d71fd9c73e03feb46"
  integrity sha512-Pbu6P4MBwRcjrLgdTR1O4Y3c0sTZn2JdOiJNcgL7EcIStcQodj+6ZTXtbyU/WTEU3MV2NMA10LxFc3AWHZ3+4A==
  dependencies:
    "@smithy/types" "^2.3.5"
    tslib "^2.5.0"

"@smithy/util-retry@^2.0.3", "@smithy/util-retry@^2.0.4":
  version "2.0.4"
  resolved "https://registry.yarnpkg.com/@smithy/util-retry/-/util-retry-2.0.4.tgz#b3ae28e73b4bdec21480005e76f9eeb9d7279e89"
  integrity sha512-b+n1jBBKc77C1E/zfBe1Zo7S9OXGBiGn55N0apfhZHxPUP/fMH5AhFUUcWaJh7NAnah284M5lGkBKuhnr3yK5w==
  dependencies:
    "@smithy/service-error-classification" "^2.0.4"
    "@smithy/types" "^2.3.5"
    tslib "^2.5.0"

"@smithy/util-stream@^2.0.15":
  version "2.0.15"
  resolved "https://registry.yarnpkg.com/@smithy/util-stream/-/util-stream-2.0.15.tgz#8c08f135535484f7a11ced4c697a5d901e316b3a"
  integrity sha512-A/hkYJPH2N5MCWYvky4tTpQihpYAEzqnUfxDyG3L/yMndy/2sLvxnyQal9Opuj1e9FiKSTeMyjnU9xxZGs0mRw==
  dependencies:
    "@smithy/fetch-http-handler" "^2.2.2"
    "@smithy/node-http-handler" "^2.1.7"
    "@smithy/types" "^2.3.5"
    "@smithy/util-base64" "^2.0.0"
    "@smithy/util-buffer-from" "^2.0.0"
    "@smithy/util-hex-encoding" "^2.0.0"
    "@smithy/util-utf8" "^2.0.0"
    tslib "^2.5.0"

"@smithy/util-uri-escape@^2.0.0":
  version "2.0.0"
  resolved "https://registry.npmjs.org/@smithy/util-uri-escape/-/util-uri-escape-2.0.0.tgz"
  integrity sha512-ebkxsqinSdEooQduuk9CbKcI+wheijxEb3utGXkCoYQkJnwTnLbH1JXGimJtUkQwNQbsbuYwG2+aFVyZf5TLaw==
  dependencies:
    tslib "^2.5.0"

"@smithy/util-utf8@^2.0.0":
  version "2.0.0"
  resolved "https://registry.npmjs.org/@smithy/util-utf8/-/util-utf8-2.0.0.tgz"
  integrity sha512-rctU1VkziY84n5OXe3bPNpKR001ZCME2JCaBBFgtiM2hfKbHFudc/BkMuPab8hRbLd0j3vbnBTTZ1igBf0wgiQ==
  dependencies:
    "@smithy/util-buffer-from" "^2.0.0"
    tslib "^2.5.0"

asynckit@^0.4.0:
  version "0.4.0"
  resolved "https://registry.npmjs.org/asynckit/-/asynckit-0.4.0.tgz"
  integrity sha512-Oei9OH4tRh0YqU3GxhX79dM/mwVgvbZJaSNaRk+bshkj0S5cfHcgYakreBjrHwatXKbz+IoIdYLxrKim2MjW0Q==

axios@^0.27.2:
  version "0.27.2"
  resolved "https://registry.npmjs.org/axios/-/axios-0.27.2.tgz"
  integrity sha512-t+yRIyySRTp/wua5xEr+z1q60QmLq8ABsS5O9Me1AsE5dfKqgnCFzwiCZZ/cGNd1lq4/7akDWMxdhVlucjmnOQ==
  dependencies:
    follow-redirects "^1.14.9"
    form-data "^4.0.0"

bignumber.js@^9.0.0:
  version "9.1.2"
  resolved "https://registry.npmjs.org/bignumber.js/-/bignumber.js-9.1.2.tgz"
  integrity sha512-2/mKyZH9K85bzOEfhXDBFZTGd1CTs+5IHpeFQo9luiBG7hghdC851Pj2WAhb6E3R6b9tZj/XKhbg4fum+Kepug==

bowser@^2.11.0:
  version "2.11.0"
  resolved "https://registry.npmjs.org/bowser/-/bowser-2.11.0.tgz"
  integrity sha512-AlcaJBi/pqqJBIQ8U9Mcpc9i8Aqxn88Skv5d+xBX006BY5u8N3mGLHa5Lgppa7L/HfwgwLgZ6NYs+Ag6uUmJRA==

combined-stream@^1.0.8:
  version "1.0.8"
  resolved "https://registry.npmjs.org/combined-stream/-/combined-stream-1.0.8.tgz"
  integrity sha512-FQN4MRfuJeHf7cBbBMJFXhKSDq+2kAArBlmRBvcvFE5BB1HZKXtSFASDhdlz9zOYwxh8lDdnvmMOe/+5cdoEdg==
  dependencies:
    delayed-stream "~1.0.0"

delayed-stream@~1.0.0:
  version "1.0.0"
  resolved "https://registry.npmjs.org/delayed-stream/-/delayed-stream-1.0.0.tgz"
  integrity sha512-ZySD7Nf91aLB0RxL4KGrKHBXl7Eds1DAmEdcoVawXnLD7SDhpNgtuII2aAkg7a7QS41jxPSZ17p4VdGnMHk3MQ==

fast-xml-parser@4.2.5:
  version "4.2.5"
  resolved "https://registry.npmjs.org/fast-xml-parser/-/fast-xml-parser-4.2.5.tgz"
  integrity sha512-B9/wizE4WngqQftFPmdaMYlXoJlJOYxGQOanC77fq9k8+Z0v5dDSVh+3glErdIROP//s/jgb7ZuxKfB8nVyo0g==
  dependencies:
    strnum "^1.0.5"

follow-redirects@^1.14.9:
  version "1.15.2"
  resolved "https://registry.npmjs.org/follow-redirects/-/follow-redirects-1.15.2.tgz"
  integrity sha512-VQLG33o04KaQ8uYi2tVNbdrWp1QWxNNea+nmIB4EVM28v0hmP17z7aG1+wAkNzVq4KeXTq3221ye5qTJP91JwA==

form-data@^4.0.0:
  version "4.0.0"
  resolved "https://registry.npmjs.org/form-data/-/form-data-4.0.0.tgz"
  integrity sha512-ETEklSGi5t0QMZuiXoA/Q6vcnxcLQP5vdugSpuAyi6SVGi2clPPp+xgEhuMaHC+zGgn31Kd235W35f7Hykkaww==
  dependencies:
    asynckit "^0.4.0"
    combined-stream "^1.0.8"
    mime-types "^2.1.12"

json-bigint@^1.0.0:
  version "1.0.0"
  resolved "https://registry.npmjs.org/json-bigint/-/json-bigint-1.0.0.tgz"
  integrity sha512-SiPv/8VpZuWbvLSMtTDU8hEfrZWg/mH/nV/b4o0CYbSxu1UIQPLdwKOCIyLQX+VIPO5vrLX3i8qtqFyhdPSUSQ==
  dependencies:
    bignumber.js "^9.0.0"

mime-db@1.52.0:
  version "1.52.0"
  resolved "https://registry.npmjs.org/mime-db/-/mime-db-1.52.0.tgz"
  integrity sha512-sPU4uV7dYlvtWJxwwxHD0PuihVNiE7TyAbQ5SWxDCB9mUYvOgroQOwYQQOKPJ8CIbE+1ETVlOoK1UC2nU3gYvg==

mime-types@^2.1.12:
  version "2.1.35"
  resolved "https://registry.npmjs.org/mime-types/-/mime-types-2.1.35.tgz"
  integrity sha512-ZDY+bPm5zTTF+YpCrAU9nK0UgICYPT0QtT1NZWFv4s++TNkcgVaT0g6+4R2uI4MjQjzysHB1zxuWL50hzaeXiw==
  dependencies:
    mime-db "1.52.0"

node-mailjet@^6.0.4:
  version "6.0.4"
  resolved "https://registry.yarnpkg.com/node-mailjet/-/node-mailjet-6.0.4.tgz#7b5f9eb06a5a4b3737a2e556e6e91fd905716762"
  integrity sha512-gNWfbVnsH+KxkhfDLPA8OrQ2Q25OgyKp19C7DSJYmN2zNfqTKIXzhB9BZwgxZtErmPxz2Fp1NR18WPCmrJDuwg==
  dependencies:
    axios "^0.27.2"
    json-bigint "^1.0.0"
    url-join "^4.0.0"

strnum@^1.0.5:
  version "1.0.5"
  resolved "https://registry.npmjs.org/strnum/-/strnum-1.0.5.tgz"
  integrity sha512-J8bbNyKKXl5qYcR36TIO8W3mVGVHrmmxsd5PAItGkmyzwJvybiw2IVq5nqd0i4LSNSkB/sx9VHllbfFdr9k1JA==

tslib@^1.11.1:
  version "1.14.1"
  resolved "https://registry.npmjs.org/tslib/-/tslib-1.14.1.tgz"
  integrity sha512-Xni35NKzjgMrwevysHTCArtLDpPvye8zV/0E4EyYn43P7/7qvQwPh9BGkHewbMulVntbigmcT7rdX3BNo9wRJg==

tslib@^2.3.1, tslib@^2.5.0:
  version "2.6.1"
  resolved "https://registry.npmjs.org/tslib/-/tslib-2.6.1.tgz"
  integrity sha512-t0hLfiEKfMUoqhG+U1oid7Pva4bbDPHYfJNiB7BiIjRkj1pyC++4N3huJfqY6aRH6VTB0rvtzQwjM4K6qpfOig==

url-join@^4.0.0:
  version "4.0.1"
  resolved "https://registry.npmjs.org/url-join/-/url-join-4.0.1.tgz"
  integrity sha512-jk1+QP6ZJqyOiuEI9AEWQfju/nB2Pw466kbA0LEZljHwKeMgd9WrAEgEGxjPDD2+TNbbb37rTyhEfrCXfuKXnA==

uuid@^8.3.2:
  version "8.3.2"
  resolved "https://registry.npmjs.org/uuid/-/uuid-8.3.2.tgz"
  integrity sha512-+NYs2QeMWy+GWFOEm9xnn6HCDp0l7QBD7ml8zLUmJ+93Q5NF0NocErnwkTkXVFNiX3/fpC6afS8Dhb/gz7R7eg==

zod@^3.21.4:
  version "3.21.4"
  resolved "https://registry.npmjs.org/zod/-/zod-3.21.4.tgz"
  integrity sha512-m46AKbrzKVzOzs/DZgVnG5H55N1sv1M8qZU3A8RIKbs3mrACDNeIOeilDymVb2HdmP8uwshOCF4uJ8uM9rCqJw==
